version = 1
revision = 3
requires-python = ">=3.14.5"

[[package]]
name = "charset-normalizer"
version = "3.4.9"
source = { registry = "https://pypi.org/simple" }
sdist = { url = "https://files.pythonhosted.org/packages/bd/2a/23f34ec9d04624958e137efdc394888716353190e75f25dd22c7a2c7a8aa/charset_normalizer-3.4.9.tar.gz", hash = "sha256:673611bbd43f0810bec0b0f028ddeaaa501190339cac411f347ac76917c3ae7b", size = 152439, upload-time = "2026-07-07T14:34:58.454Z" }
wheels = [
    { url = "https://files.pythonhosted.org/packages/7e/8d/496817fa0944239ecae662dd57ea765cfeaec6a735f9f025d4b7b72e7143/charset_normalizer-3.4.9-cp314-cp314-macosx_10_15_universal2.whl", hash = "sha256:0327fcd59a935777d83410750c50600ee9571af2846f71ce40f25b13da1ef380", size = 317253, upload-time = "2026-07-07T14:33:54.994Z" },
    { url = "https://files.pythonhosted.org/packages/2b/f9/ef4a69ea338ad3c0deceea0f5f7d2380ae8b52132b06d652cb0d2cd86706/charset_normalizer-3.4.9-cp314-cp314-manylinux2014_aarch64.manylinux_2_17_aarch64.manylinux_2_28_aarch64.whl", hash = "sha256:8a79d9f4d8001473a30c163556b3c3bfebec837495a412dde78b51672f6134f9", size = 215898, upload-time = "2026-07-07T14:33:56.334Z" },
    { url = "https://files.pythonhosted.org/packages/8c/e7/5ddfd76fc061eb52de219658a4aa431cbacadf0a0219c8854f00da50d289/charset_normalizer-3.4.9-cp314-cp314-manylinux2014_ppc64le.manylinux_2_17_ppc64le.manylinux_2_28_ppc64le.whl", hash = "sha256:33bdcc2a32c0a0e861f60841a512c8acc658c87c2ac59d89e3a46dacf7d866e4", size = 236718, upload-time = "2026-07-07T14:33:57.9Z" },
    { url = "https://files.pythonhosted.org/packages/49/ba/768fa3f36048d81c477a0ce61f813bc1454d80917ccfe550abd9f44f5e24/charset_normalizer-3.4.9-cp314-cp314-manylinux2014_s390x.manylinux_2_17_s390x.manylinux_2_28_s390x.whl", hash = "sha256:f840ed6d8ecba8255df8c42b87fadeda98ddfc6eeec05e2dc66e26d46dd6f58a", size = 232519, upload-time = "2026-07-07T14:33:59.811Z" },
    { url = "https://files.pythonhosted.org/packages/f4/c4/b3e049d2aa3766180c78507110543d9d50894cc97f57de543f1be521dcdc/charset_normalizer-3.4.9-cp314-cp314-manylinux2014_x86_64.manylinux_2_17_x86_64.manylinux_2_28_x86_64.whl", hash = "sha256:c25fe15c70c59eb7c5ce8c06a1f3fa1da0ecc5ea1e7a5922c40fd2fa9b0d5046", size = 223143, upload-time = "2026-07-07T14:34:01.517Z" },
    { url = "https://files.pythonhosted.org/packages/19/79/55c32d06d76ae4feafe053f061f3e3ab70bcf19f4007797ce8c3efda7830/charset_normalizer-3.4.9-cp314-cp314-manylinux_2_31_armv7l.whl", hash = "sha256:f7fb7d750cfa0a070d2c24e831fd3481019a60dd317ea2b39acbcebc08b6ed81", size = 206742, upload-time = "2026-07-07T14:34:03.04Z" },
    { url = "https://files.pythonhosted.org/packages/10/e0/47c079dd82d217c807479cd59ffd30af56307ea31c108b75758970459ad3/charset_normalizer-3.4.9-cp314-cp314-manylinux_2_31_riscv64.manylinux_2_39_riscv64.whl", hash = "sha256:4d1c96a7a18b9690a4d46df09e3e3382406ae3213727cd1019ebade1c4a81917", size = 219191, upload-time = "2026-07-07T14:34:04.657Z" },
    { url = "https://files.pythonhosted.org/packages/42/ab/b9bc2e77d6b44a7e46ef62ec5cac1c9a6ba7b9135a5d560f002696ec9995/charset_normalizer-3.4.9-cp314-cp314-musllinux_1_2_aarch64.whl", hash = "sha256:a4cfde78a9f2880208d16a93b795726a3017d5977e08d1e162a7a31322479c41", size = 218328, upload-time = "2026-07-07T14:34:06.115Z" },
    { url = "https://files.pythonhosted.org/packages/f1/78/c9c71d599f5aa2d42bcdd35cbbd46d7f535351a57e40ff7d8e5a7e219401/charset_normalizer-3.4.9-cp314-cp314-musllinux_1_2_armv7l.whl", hash = "sha256:d4d6fcde76f94f5cb9e43e9e9a61f16dacefd228cbbf6f1a09bd9b219a92f1a1", size = 207406, upload-time = "2026-07-07T14:34:07.554Z" },
    { url = "https://files.pythonhosted.org/packages/f6/39/c914445c321a845097ce4f6ac7de9a18228a77b766272125a1ce00d851eb/charset_normalizer-3.4.9-cp314-cp314-musllinux_1_2_x86_64.whl", hash = "sha256:898f0e9068ca27d37f8e83a5b962821df851532e6c4a7d615c1c033f9da6eedf", size = 225157, upload-time = "2026-07-07T14:34:09.061Z" },
    { url = "https://files.pythonhosted.org/packages/9b/f2/c0d4b8508565a36bc5c624e88ed297f5b0b1095011034d7f5b83a69908b5/charset_normalizer-3.4.9-cp314-cp314-win32.whl", hash = "sha256:c1c948747b03be832dceed96ca815cef7360de9aa19d37c730f8e3f6101aca48", size = 151095, upload-time = "2026-07-07T14:34:10.901Z" },
    { url = "https://files.pythonhosted.org/packages/49/fd/a1d26144398c67486422a72bf5812cda22cb4ccfcd95a290fb41ceb4b8e2/charset_normalizer-3.4.9-cp314-cp314-win_amd64.whl", hash = "sha256:16b65ea0f2465b6fb52aa22de5eca612aa964ddfec00a912e26f4656cbef890b", size = 162796, upload-time = "2026-07-07T14:34:12.47Z" },
    { url = "https://files.pythonhosted.org/packages/20/95/d75e82f8ce9fd323ebf059c16c9aadefb22a1ecde13b7840b35835e4886c/charset_normalizer-3.4.9-cp314-cp314-win_arm64.whl", hash = "sha256:40a126142a56b2dfc0aacbad1de8310cbf60da7656db0e6b16eebd48e3e93519", size = 153334, upload-time = "2026-07-07T14:34:14.044Z" },
    { url = "https://files.pythonhosted.org/packages/00/5e/17398df3a139985ba9d11ed072531986f408c8fca952835ef1ab1820c02b/charset_normalizer-3.4.9-cp314-cp314t-macosx_10_15_universal2.whl", hash = "sha256:609b3ba8fcc0fb5ab7af00719d0fb6ad0cb518e48e7712d12fd68f1327951198", size = 338848, upload-time = "2026-07-07T14:34:15.688Z" },
    { url = "https://files.pythonhosted.org/packages/cd/91/7253a32e86b7e1d1239b1b36ba6dd0f021a21107ab33054b53119cc083b9/charset_normalizer-3.4.9-cp314-cp314t-manylinux2014_aarch64.manylinux_2_17_aarch64.manylinux_2_28_aarch64.whl", hash = "sha256:51447e9aa2684679af07ca5021c3db526e0284347ebf4ffcec1154c3350cfe32", size = 223022, upload-time = "2026-07-07T14:34:17.248Z" },
    { url = "https://files.pythonhosted.org/packages/cb/32/2e64bd2be10e89c61e57ebe6a93fd98ae88eb7ebe414b5121f22c96c69eb/charset_normalizer-3.4.9-cp314-cp314t-manylinux2014_ppc64le.manylinux_2_17_ppc64le.manylinux_2_28_ppc64le.whl", hash = "sha256:cc1b0fff8ead343dae06305f954eb8468ba0ec1a97881f42489d198e4ce3c632", size = 241590, upload-time = "2026-07-07T14:34:18.813Z" },
    { url = "https://files.pythonhosted.org/packages/3d/ef/d96ec496cfea0c21db43b0ad03891308b02388d054cc902cf0e5a1ad6a88/charset_normalizer-3.4.9-cp314-cp314t-manylinux2014_s390x.manylinux_2_17_s390x.manylinux_2_28_s390x.whl", hash = "sha256:fa36ec09ef71d158186bc79e359ff5fdd6e7996fe8ab638f00d6b93139ba4fcf", size = 239584, upload-time = "2026-07-07T14:34:20.52Z" },
    { url = "https://files.pythonhosted.org/packages/d4/ce/9af95f7876194bd7a14e3dfe4a4de2e0bff02666a3910d72beafd06cc297/charset_normalizer-3.4.9-cp314-cp314t-manylinux2014_x86_64.manylinux_2_17_x86_64.manylinux_2_28_x86_64.whl", hash = "sha256:df115d4d83168fdf2cae48ef1ff6d1cb4c466364e30861b37121de0f3bf1b990", size = 230224, upload-time = "2026-07-07T14:34:22.189Z" },
    { url = "https://files.pythonhosted.org/packages/52/94/af74dde74a3996bd959c350709bfe50e297823d70a8c1cbd54b838880863/charset_normalizer-3.4.9-cp314-cp314t-manylinux_2_31_armv7l.whl", hash = "sha256:f86c6358749bd4fda175388691e3ba8c46e24c5347d0afd20f9b7edfc9faf07d", size = 212667, upload-time = "2026-07-07T14:34:23.857Z" },
    { url = "https://files.pythonhosted.org/packages/ee/f0/f1c4fe746c395922961b5916ed1d7d6e7d4c84851d19ed43cc89980ec953/charset_normalizer-3.4.9-cp314-cp314t-manylinux_2_31_riscv64.manylinux_2_39_riscv64.whl", hash = "sha256:32286a2c8d167e897177b673176c1e3e00d4057caf5d2b64eef9a3666b03018e", size = 227179, upload-time = "2026-07-07T14:34:25.586Z" },
    { url = "https://files.pythonhosted.org/packages/e4/56/6c745619ac397e8871e2bcd3cea1eec86b877488f33888b3aef5c3ed506e/charset_normalizer-3.4.9-cp314-cp314t-musllinux_1_2_aarch64.whl", hash = "sha256:83aed2c10721ddd90f68140685391b50811a880af20654c59af6b6c66c40513c", size = 225372, upload-time = "2026-07-07T14:34:27.212Z" },
    { url = "https://files.pythonhosted.org/packages/78/ad/98aae8630ac71f16711968e38a5acfecce41b778bf2f0312851020f565a8/charset_normalizer-3.4.9-cp314-cp314t-musllinux_1_2_armv7l.whl", hash = "sha256:cd6c3d4b783c556fa00bf540854e42f135e2f256abd29669fcd0da0f2dec79c2", size = 215222, upload-time = "2026-07-07T14:34:28.774Z" },
    { url = "https://files.pythonhosted.org/packages/f7/40/9593d54209765207a7f11073c06494c1721e4ca4a0a426c597679bf7f91e/charset_normalizer-3.4.9-cp314-cp314t-musllinux_1_2_x86_64.whl", hash = "sha256:ee2f2a527e3c1a6e6411eb4209642e138b544a2d72fe5d0d76daf77b24063534", size = 231958, upload-time = "2026-07-07T14:34:30.345Z" },
    { url = "https://files.pythonhosted.org/packages/b1/27/693ee5e8a18191eb38647360c51cd505013e2bd3b366aa43fd5344c21e3c/charset_normalizer-3.4.9-cp314-cp314t-win32.whl", hash = "sha256:0d861473f743244d349b50f850d10eb87aeb22bbdcc8e64f79273c94af5a8226", size = 155580, upload-time = "2026-07-07T14:34:31.884Z" },
    { url = "https://files.pythonhosted.org/packages/80/3f/bd97d3d9c613013d07cb7733d299385b41df37f0471310f5a73dc359f0b8/charset_normalizer-3.4.9-cp314-cp314t-win_amd64.whl", hash = "sha256:9b8e0f3107e2200b76f6054de99016eac3ee6762713587b36baaa7e4bd2ae177", size = 167620, upload-time = "2026-07-07T14:34:33.438Z" },
    { url = "https://files.pythonhosted.org/packages/3d/c6/eee9dca4439b1061f76373f06ea855678cc4a64c1c3c90b50e479edbb8eb/charset_normalizer-3.4.9-cp314-cp314t-win_arm64.whl", hash = "sha256:19ac87f93086ce37b86e098888555c4b4bc48102279bae3350098c0ed664b501", size = 158037, upload-time = "2026-07-07T14:34:35.018Z" },
    { url = "https://files.pythonhosted.org/packages/98/2b/f97f1c193fb855c345d678f5077d6926034db0722df74c8f057020e05a25/charset_normalizer-3.4.9-py3-none-any.whl", hash = "sha256:68e5f26a1ad57ded6d1cfb85331d1c1a195314756471d97758c48498bb4dcdf5", size = 64538, upload-time = "2026-07-07T14:34:56.993Z" },
]

[[package]]
name = "h11"
version = "0.16.0"
source = { registry = "https://pypi.org/simple" }
sdist = { url = "https://files.pythonhosted.org/packages/01/ee/02a2c011bdab74c6fb3c75474d40b3052059d95df7e73351460c8588d963/h11-0.16.0.tar.gz", hash = "sha256:4e35b956cf45792e4caa5885e69fba00bdbc6ffafbfa020300e549b208ee5ff1", size = 101250, upload-time = "2025-04-24T03:35:25.427Z" }
wheels = [
    { url = "https://files.pythonhosted.org/packages/04/4b/29cac41a4d98d144bf5f6d33995617b185d14b22401f75ca86f384e87ff1/h11-0.16.0-py3-none-any.whl", hash = "sha256:63cf8bbe7522de3bf65932fda1d9c2772064ffb3dae62d55932da54b31cb6c86", size = 37515, upload-time = "2025-04-24T03:35:24.344Z" },
]

[[package]]
name = "jh2"
version = "5.0.13"
source = { registry = "https://pypi.org/simple" }
sdist = { url = "https://files.pythonhosted.org/packages/47/b1/b2b7389b2e0ddac90a1aecbf4a761db8790de85dace7695c01173ed083cc/jh2-5.0.13.tar.gz", hash = "sha256:f8c78cffb3a35c4410513c3eb7989de36028c84277c04f07c97909dd94c23a75", size = 7322505, upload-time = "2026-05-29T05:21:43.516Z" }
wheels = [
    { url = "https://files.pythonhosted.org/packages/ee/f8/e9e82b7b51947edbf762edb26eb9bcfadda10fc7526d092244528e9cea8c/jh2-5.0.13-cp314-cp314t-macosx_10_12_x86_64.macosx_11_0_arm64.macosx_10_12_universal2.whl", hash = "sha256:1dd137086b13d55a53c4b7b8b75869c824060a4d35615e4f49180ae58c7783f5", size = 601736, upload-time = "2026-05-29T05:19:45.14Z" },
    { url = "https://files.pythonhosted.org/packages/f0/f4/e82b4c5797c20facb2f1b54f893a422f8ba44f83bc66da3d60d90a1c3064/jh2-5.0.13-cp314-cp314t-manylinux_2_17_aarch64.manylinux2014_aarch64.whl", hash = "sha256:75d0b2bffb2e260a0f3578a11a4999a713c94d1bd8de7cfe692c840e20ae83cf", size = 383983, upload-time = "2026-05-29T05:19:46.687Z" },
    { url = "https://files.pythonhosted.org/packages/27/df/f439704e7a884b5bd0181188b30217d71d48ce6bb9a9d7e8378d00ed3497/jh2-5.0.13-cp314-cp314t-manylinux_2_17_armv7l.manylinux2014_armv7l.whl", hash = "sha256:f681e197bf6552df3bb7a3abfd676e81316b69e36e7263e72383477174032ca2", size = 389233, upload-time = "2026-05-29T05:19:47.973Z" },
    { url = "https://files.pythonhosted.org/packages/49/9e/c2cbdb2261724edb83fa0bdb260f75ad9b091189ada1651608f8ade71906/jh2-5.0.13-cp314-cp314t-manylinux_2_17_ppc64.manylinux2014_ppc64.whl", hash = "sha256:bde7e7ff0f17e87aca9ef23f66b80540a2de0ff8e2c26af55eb2e288a2a5f74f", size = 510268, upload-time = "2026-05-29T05:19:49.183Z" },
    { url = "https://files.pythonhosted.org/packages/1d/cf/65925f2aaea92e5f4a90a578b86a975bf6327ad53d82035a4d94f8f63580/jh2-5.0.13-cp314-cp314t-manylinux_2_17_ppc64le.manylinux2014_ppc64le.whl", hash = "sha256:6f8d364d53cc0854d910f2305726a8254acb527f13fa933dc213a591e21e7ffa", size = 503003, upload-time = "2026-05-29T05:19:50.699Z" },
    { url = "https://files.pythonhosted.org/packages/d4/fc/684ae4efe7568ec9f8ce427b6ecdc7387f870b3bbdcee75c370326685865/jh2-5.0.13-cp314-cp314t-manylinux_2_17_s390x.manylinux2014_s390x.whl", hash = "sha256:b572daaafbd867bb5c5f324c918704ddd6d76af1cc7c2be483c3649b76ce7940", size = 402856, upload-time = "2026-05-29T05:19:52.004Z" },
    { url = "https://files.pythonhosted.org/packages/0d/41/009c8b95f471ca83667e63e87a845f634f7b100f9fa2c1cbfc090c142ec9/jh2-5.0.13-cp314-cp314t-manylinux_2_17_x86_64.manylinux2014_x86_64.whl", hash = "sha256:a0772ad66f346038fe05cb2928866ff1b21bcaa9ec3f14709fa1d419ed1dc287", size = 386592, upload-time = "2026-05-29T05:19:53.201Z" },
    { url = "https://files.pythonhosted.org/packages/d2/8b/5b49f66cadc6d89db5339b602c06a9567ef493c33b860324f24a96b390a4/jh2-5.0.13-cp314-cp314t-manylinux_2_5_i686.manylinux1_i686.whl", hash = "sha256:b1d8313b13acfdef19c5ff793fdf397bae3d8d75181f6eee62604f13e4ec20a8", size = 406930, upload-time = "2026-05-29T05:19:54.441Z" },
    { url = "https://files.pythonhosted.org/packages/55/a4/7b997c7787ee6316c6b4f7bc0ff4d80c062ef3288038fbee870ed83f0946/jh2-5.0.13-cp314-cp314t-musllinux_1_1_aarch64.whl", hash = "sha256:99aedd20daacb32f377152c9103d8d0271f32d1932bd39a5ed2cd2eef97f7e07", size = 559781, upload-time = "2026-05-29T05:19:55.659Z" },
    { url = "https://files.pythonhosted.org/packages/ba/08/b75afc38215f961ba8d92af64a9e7cba57767829786484c5cb98fc1a1d2f/jh2-5.0.13-cp314-cp314t-musllinux_1_1_armv7l.whl", hash = "sha256:53b1df29ffe966cde1d2f0085b6acfcd237504627d406a51717ef3849ec88831", size = 664237, upload-time = "2026-05-29T05:19:57.031Z" },
    { url = "https://files.pythonhosted.org/packages/a1/92/0fad513d95376611b337c631abd0263e641b78b0adbe80f3cf561e614d6e/jh2-5.0.13-cp314-cp314t-musllinux_1_1_i686.whl", hash = "sha256:0ee6a5dd24a1dc0772a89b3498ed20f60167fbc633404b1e02895f04ae66c47c", size = 625249, upload-time = "2026-05-29T05:19:58.447Z" },
    { url = "https://files.pythonhosted.org/packages/79/28/4f70df7bfaf1cdb560340400b46849cfa96e4b08d2430793501013d7ee8a/jh2-5.0.13-cp314-cp314t-musllinux_1_1_x86_64.whl", hash = "sha256:521f871864880cabe361060f070516a56a54abc3e96f07bee9ba8b061eada891", size = 591017, upload-time = "2026-05-29T05:19:59.839Z" },
    { url = "https://files.pythonhosted.org/packages/dd/58/ed891762aa68542fa7969c4cbb109817231740f342931165f60ea7a2a923/jh2-5.0.13-cp314-cp314t-win32.whl", hash = "sha256:5909e2273f8b6fcea93c95564aa0f366ff9261a544a7a5d640ea95341321cc37", size = 238041, upload-time = "2026-05-29T05:20:01.228Z" },
    { url = "https://files.pythonhosted.org/packages/48/13/46ae2bf16baad7841526dba44668083f9de3e427027e4fa44a567cb778d6/jh2-5.0.13-cp314-cp314t-win_amd64.whl", hash = "sha256:2cc4923ac6f57753e0cb4aef054a04f5d5c744b274dabf863f695fa3c2fd75f9", size = 245861, upload-time = "2026-05-29T05:20:02.757Z" },
    { url = "https://files.pythonhosted.org/packages/79/49/3652903fc82c0e5c82e9caa3445e3e514b168969c2dae3da15c46627661f/jh2-5.0.13-cp314-cp314t-win_arm64.whl", hash = "sha256:d3cf203de31371289d4c1e6b4d30c9f6de95b2bd2b300fe5468ff946299d0e48", size = 242699, upload-time = "2026-05-29T05:20:03.9Z" },
    { url = "https://files.pythonhosted.org/packages/75/f3/8c151f371f7962902e6f1f494b50abc1b8be27305a9d12cb88cf049c5a80/jh2-5.0.13-cp37-abi3-macosx_10_12_x86_64.macosx_11_0_arm64.macosx_10_12_universal2.whl", hash = "sha256:3f54095cde010ff4e52f23dda92b31d3d3160c64f5f23fc6e181f8c7938afd33", size = 618581, upload-time = "2026-05-29T05:20:05.043Z" },
    { url = "https://files.pythonhosted.org/packages/71/3f/a2d5458586c024e0076ae8182dcbb71450bd9d4dd65ffdaa659313461bd4/jh2-5.0.13-cp37-abi3-manylinux_2_17_aarch64.manylinux2014_aarch64.whl", hash = "sha256:f810dd02b4a9647eacbe4eab617111c0e3ffc68e923e3ff172948db601d2ba1e", size = 392776, upload-time = "2026-05-29T05:20:06.178Z" },
    { url = "https://files.pythonhosted.org/packages/7e/1f/cf205104cfcef4bd26aa2b736f36ddf3739b69ddaf14d23a5f7697673d74/jh2-5.0.13-cp37-abi3-manylinux_2_17_armv7l.manylinux2014_armv7l.whl", hash = "sha256:29c23f3937f257beb5cd5b17f8727404f1267ff25d26e54c0a35d5defd0c895e", size = 397943, upload-time = "2026-05-29T05:20:07.479Z" },
    { url = "https://files.pythonhosted.org/packages/cf/82/bd218132e5a081293cf3d7de5cf41d871f3f88808c23f6c6aebbe073fb5e/jh2-5.0.13-cp37-abi3-manylinux_2_17_ppc64.manylinux2014_ppc64.whl", hash = "sha256:c697b250a935030a128b45b41f507a4d33a082d8b8e12311c7e73fbb3970f057", size = 520351, upload-time = "2026-05-29T05:20:08.936Z" },
    { url = "https://files.pythonhosted.org/packages/67/7c/78b564899237909ddf4103569be59ea31b6c00f8b4f1c178cc57c6e4e45d/jh2-5.0.13-cp37-abi3-manylinux_2_17_ppc64le.manylinux2014_ppc64le.whl", hash = "sha256:47d3203ed6fec39df4922764817979fad3a13d22cf750adc9cf9dc2b3399eacf", size = 511162, upload-time = "2026-05-29T05:20:10.239Z" },
    { url = "https://files.pythonhosted.org/packages/db/3a/b59157363139436cb60620353aa8b687197c9a4ec1eb87952004a8843e6e/jh2-5.0.13-cp37-abi3-manylinux_2_17_s390x.manylinux2014_s390x.whl", hash = "sha256:a5146468a76bbe8f4035f23a78813c5c433c70c0ca44eb0ba5558627a9e644b8", size = 411838, upload-time = "2026-05-29T05:20:11.515Z" },
    { url = "https://files.pythonhosted.org/packages/15/a4/18b35000b00d9fb72003e0eacf66b3af828a0bb897c21a287a33d2025138/jh2-5.0.13-cp37-abi3-manylinux_2_17_x86_64.manylinux2014_x86_64.whl", hash = "sha256:85d3d338284fbfbe173243c3cc62e510c6fa0d6d023e67da2292bd7578c734e3", size = 395975, upload-time = "2026-05-29T05:20:13.157Z" },
    { url = "https://files.pythonhosted.org/packages/ab/42/f017b6b7b666e6ef615f7c64fd748201d0b20edeed094182c4f37f23a6e8/jh2-5.0.13-cp37-abi3-manylinux_2_5_i686.manylinux1_i686.whl", hash = "sha256:641f65f5414b8990251bd7609513a696831558f69d2ca77d65dc3f7087f31267", size = 417493, upload-time = "2026-05-29T05:20:14.394Z" },
    { url = "https://files.pythonhosted.org/packages/bb/fc/054443bd40a9827ade99508482185692530cf56a50d4ad8ed2aba761f11d/jh2-5.0.13-cp37-abi3-musllinux_1_1_aarch64.whl", hash = "sha256:cf3dc6f7c14340241260bf63e5d6006b2ee7db45dafcb39c16fdf164ea0240a0", size = 568373, upload-time = "2026-05-29T05:20:15.914Z" },
    { url = "https://files.pythonhosted.org/packages/47/48/dde093626bb976722c940053ceaa82407bd358e07fa6a1690590456d21b5/jh2-5.0.13-cp37-abi3-musllinux_1_1_armv7l.whl", hash = "sha256:fb8e37ecf37382c02af83da521df5a77561441bc4cbb93b00627e015b7bbf349", size = 673766, upload-time = "2026-05-29T05:20:17.136Z" },
    { url = "https://files.pythonhosted.org/packages/96/94/edae999301bb28738e17cf54ecd50b7d7d9fd96d9536376bbeb9b8498526/jh2-5.0.13-cp37-abi3-musllinux_1_1_i686.whl", hash = "sha256:296ee44dfad08ccc3857daf433dfa4a555d5b45f2df39503ccdd90ff10b32943", size = 635045, upload-time = "2026-05-29T05:20:18.633Z" },
    { url = "https://files.pythonhosted.org/packages/c3/5b/d9fd0fc71e43c37c30d581affbb7371fa8177ce211b663457939bbed9e61/jh2-5.0.13-cp37-abi3-musllinux_1_1_x86_64.whl", hash = "sha256:1a75eed545420a31ea356e8046b8d86fcf694234dd1035191734a03720fb8a44", size = 599870, upload-time = "2026-05-29T05:20:20.117Z" },
    { url = "https://files.pythonhosted.org/packages/b1/ec/66c17d8aec77d41c8f93145dd7faa7138b9f1bc370fa685008bf92d75f9f/jh2-5.0.13-cp37-abi3-win32.whl", hash = "sha256:4812710810010c428db04e9290a13117f7b7c5a3a663b46a0586fe101cf25c9d", size = 245231, upload-time = "2026-05-29T05:20:21.275Z" },
    { url = "https://files.pythonhosted.org/packages/5b/3c/107f16a84c8becef5281040fdb50681f06e4615bb4a754f211abe7d61a6f/jh2-5.0.13-cp37-abi3-win_amd64.whl", hash = "sha256:5d61bc0a62b4eee11039bf29d4bdbb26efcff760dfb9d8e0739740028aa52b0f", size = 252085, upload-time = "2026-05-29T05:20:22.426Z" },
    { url = "https://files.pythonhosted.org/packages/47/7b/e8baeef7655449a6c9abee0165fcb1c63d12ec5432b8d810ff5910184690/jh2-5.0.13-cp37-abi3-win_arm64.whl", hash = "sha256:3f74dad9036e599eed51576492b00955237b86cf886f96844708a81cd0f5c710", size = 249139, upload-time = "2026-05-29T05:20:23.558Z" },
    { url = "https://files.pythonhosted.org/packages/ba/1e/be44f6e9ff5689fcdf9a2c0ed30880fd5da303676d89d6457a603450b7b1/jh2-5.0.13-py3-none-any.whl", hash = "sha256:2b311414989da48a155721fe47d0dc3e3b75360efd62d779aaff72d786be91cf", size = 98909, upload-time = "2026-05-29T05:21:42.086Z" },
]

[[package]]
name = "niquests"
version = "3.20.1"
source = { registry = "https://pypi.org/simple" }
dependencies = [
    { name = "charset-normalizer" },
    { name = "urllib3-future" },
    { name = "wassima", marker = "sys_platform != 'emscripten'" },
]
sdist = { url = "https://files.pythonhosted.org/packages/f2/6f/c2310e0c0d09ef1c22d235ef82d2d5d16f6b04b3a3702ebe1bc8d1dfbd6c/niquests-3.20.1.tar.gz", hash = "sha256:55951812cf997963bfef8e4f797ff0460ca571e53ec184039b010e12152c0e41", size = 1039594, upload-time = "2026-07-09T06:18:39.488Z" }
wheels = [
    { url = "https://files.pythonhosted.org/packages/23/25/8c5412b047ab545ac59b59712a840e2d1ce91759aec1afdf47b85c12c748/niquests-3.20.1-py3-none-any.whl", hash = "sha256:71062880739c94d67aead1f8b7972baad3236b97a55a490493729789d1639fc4", size = 213889, upload-time = "2026-07-09T06:18:37.969Z" },
]

[[package]]
name = "orjson"
version = "3.11.9"
source = { registry = "https://pypi.org/simple" }
sdist = { url = "https://files.pythonhosted.org/packages/7e/0c/964746fcafbd16f8ff53219ad9f6b412b34f345c75f384ad434ceaadb538/orjson-3.11.9.tar.gz", hash = "sha256:4fef17e1f8722c11587a6ef18e35902450221da0028e65dbaaa543619e68e48f", size = 5599163, upload-time = "2026-05-06T15:11:08.309Z" }
wheels = [
    { url = "https://files.pythonhosted.org/packages/8e/eb/5da01e356015aee6ecfa1187ced87aef51364e306f5e695dd52719bf0e78/orjson-3.11.9-cp314-cp314-macosx_10_15_x86_64.macosx_11_0_arm64.macosx_10_15_universal2.whl", hash = "sha256:b6ef1979adc4bc243523f1a2ba91418030a8e29b0a99cbe7e0e2d6807d4dce6e", size = 228465, upload-time = "2026-05-06T15:10:44.097Z" },
    { url = "https://files.pythonhosted.org/packages/64/62/3e0e0c14c957133bcd855395c62b55ed4e3b0af23ffea11b032cb1dcbdb1/orjson-3.11.9-cp314-cp314-macosx_15_0_arm64.whl", hash = "sha256:f36b7f32c7c0db4a719f1fc5824db4a9c6f8bd1a354debb91faf26ebf3a4c71e", size = 128364, upload-time = "2026-05-06T15:10:45.839Z" },
    { url = "https://files.pythonhosted.org/packages/5a/5a/07d8aa117211a8ed7630bda80c8c0b14d04e0f8dcf99bcf49656e4a710eb/orjson-3.11.9-cp314-cp314-manylinux_2_17_aarch64.manylinux2014_aarch64.whl", hash = "sha256:08f4d8ebb44925c794e535b2bebc507cebf32209df81de22ae285fb0d8d66de0", size = 132063, upload-time = "2026-05-06T15:10:47.267Z" },
    { url = "https://files.pythonhosted.org/packages/d6/ec/4acaf21483e18aa945be74a474c74b434f284b549f275a0a39b9f98956e9/orjson-3.11.9-cp314-cp314-manylinux_2_17_armv7l.manylinux2014_armv7l.whl", hash = "sha256:6cc7923789694fd58f001cbcac7e47abc13af4d560ebbfcf3b41a8b1a0748124", size = 122356, upload-time = "2026-05-06T15:10:48.765Z" },
    { url = "https://files.pythonhosted.org/packages/13/d8/5f0555e7638801323b7a75850f92e7dfa891bc84fe27a1ba4449170d1200/orjson-3.11.9-cp314-cp314-manylinux_2_17_i686.manylinux2014_i686.whl", hash = "sha256:ea5c46eb2d3af39e806b986f4b09d5c2706a1f5afde3cbf7544ce6616127173c", size = 129592, upload-time = "2026-05-06T15:10:50.13Z" },
    { url = "https://files.pythonhosted.org/packages/b6/30/ed9860412a3603ceb3c5955bfd72d28b9d0e7ba6ed81add14f83d7114236/orjson-3.11.9-cp314-cp314-manylinux_2_17_ppc64le.manylinux2014_ppc64le.whl", hash = "sha256:f5d89a2ed90731df3be64bab0aa44f78bff39fdc9d71c291f4a8023aa46425b7", size = 140491, upload-time = "2026-05-06T15:10:51.582Z" },
    { url = "https://files.pythonhosted.org/packages/d0/17/adc514dea7ac7c505527febf884934b815d34f0c7b8693c1a8b39c5c4a57/orjson-3.11.9-cp314-cp314-manylinux_2_17_s390x.manylinux2014_s390x.whl", hash = "sha256:25e4aed0312d292c09f61af25bba34e0b2c88546041472b09088c39a4d828af1", size = 127309, upload-time = "2026-05-06T15:10:53.329Z" },
    { url = "https://files.pythonhosted.org/packages/76/3e/c0b690253f0b82d86e99949af13533363acfb5432ecb5d53dd5b3bce9c34/orjson-3.11.9-cp314-cp314-manylinux_2_17_x86_64.manylinux2014_x86_64.whl", hash = "sha256:aaea64f3f467d22e70eeed68bdccb3bc4f83f650446c4a03c59f2cba28a108db", size = 134030, upload-time = "2026-05-06T15:10:54.988Z" },
    { url = "https://files.pythonhosted.org/packages/c1/7a/bc82a0bb25e9faaf92dc4d9ef002732efc09737706af83e346788641d4a7/orjson-3.11.9-cp314-cp314-musllinux_1_2_aarch64.whl", hash = "sha256:a028425d1b440c5d92a6be1e1a020739dfe67ea87d96c6dbe828c1b30041728b", size = 141482, upload-time = "2026-05-06T15:10:56.663Z" },
    { url = "https://files.pythonhosted.org/packages/01/55/e69188b939f77d5d32a9833745ace31ea5ccae3ab613a1ec185d3cd2c4fb/orjson-3.11.9-cp314-cp314-musllinux_1_2_armv7l.whl", hash = "sha256:5b192c6cf397e4455b11523c5cf2b18ed084c1bbd61b6c0926344d2129481972", size = 415178, upload-time = "2026-05-06T15:10:58.446Z" },
    { url = "https://files.pythonhosted.org/packages/2e/1a/b8a5a7ac527e80b9cb11d51e3f6689b709279183264b9ec5c7bc680bb8b5/orjson-3.11.9-cp314-cp314-musllinux_1_2_i686.whl", hash = "sha256:ea407d4ccf5891d667d045fecae97a7a1e5e87b3b97f97ae1803c2e741130be0", size = 148089, upload-time = "2026-05-06T15:11:00.441Z" },
    { url = "https://files.pythonhosted.org/packages/97/4e/00503f64204bf859b37213a63927028f30fb6268cd8677fb0a5ad48155e1/orjson-3.11.9-cp314-cp314-musllinux_1_2_x86_64.whl", hash = "sha256:5f63aaf97afd9f6dec5b1a68e1b8da12bfccb4cb9a9a65c3e0b6c847849e7586", size = 136921, upload-time = "2026-05-06T15:11:02.176Z" },
    { url = "https://files.pythonhosted.org/packages/0d/ba/a23b82a0a8d0ed7bed4e5f5035aae751cad4ff6a1e8d2ecd14d8860f5929/orjson-3.11.9-cp314-cp314-win32.whl", hash = "sha256:e30ab17845bb9fa54ccf67fa4f9f5282652d54faa6d17452f47d0f369d038673", size = 131638, upload-time = "2026-05-06T15:11:03.696Z" },
    { url = "https://files.pythonhosted.org/packages/f3/c3/0c6798456bade745c75c452342dabacce5798196483e77e643be1f53877d/orjson-3.11.9-cp314-cp314-win_amd64.whl", hash = "sha256:32ef5f4283a3be81913947d19608eacb7c6608026851123790cd9cc8982af34b", size = 127078, upload-time = "2026-05-06T15:11:05.123Z" },
    { url = "https://files.pythonhosted.org/packages/16/21/5a3f1e8913103b703a436a5664238e5b965ec392b555fe68943ea3691e6b/orjson-3.11.9-cp314-cp314-win_arm64.whl", hash = "sha256:eebdbdeef0094e4f5aefa20dcd4eb2368ab5e7a3b4edea27f1e7b2892e009cf9", size = 126687, upload-time = "2026-05-06T15:11:06.602Z" },
]

[[package]]
name = "poly-data-storage"
version = "2.1.0"
source = { editable = "." }
dependencies = [
    { name = "niquests" },
    { name = "orjson" },
    { name = "pyarrow" },
]

[package.metadata]
requires-dist = [
    { name = "niquests", specifier = ">=3.20.1" },
    { name = "orjson", specifier = ">=3.11.9" },
    { name = "pyarrow", specifier = ">=25.0.0" },
]

[[package]]
name = "pyarrow"
version = "25.0.0"
source = { registry = "https://pypi.org/simple" }
sdist = { url = "https://files.pythonhosted.org/packages/27/f3/95428098d1fa7d04432fb750eed06b41304c2f6a5d3319985e64db2d9d41/pyarrow-25.0.0.tar.gz", hash = "sha256:d2d697008b5ec06d75952ef260c2e9a8a0f6ccfce24266c04c9c8ade927cb3b4", size = 1199181, upload-time = "2026-07-10T08:29:50.116Z" }
wheels = [
    { url = "https://files.pythonhosted.org/packages/55/c7/581ccbcdb3d897eb2893328d68db3d52eca373bf2a7e964d0a6276b8e85b/pyarrow-25.0.0-cp314-cp314-macosx_12_0_arm64.whl", hash = "sha256:72132b9a8a0a1840197794d4dea26080069b6b0981c116bc078762dc9691b21b", size = 35878945, upload-time = "2026-07-10T08:28:18.222Z" },
    { url = "https://files.pythonhosted.org/packages/64/d1/ccb01db7329ea0411ef4fbd9b62a04d3268b36777d4e758d5e39b91ddeab/pyarrow-25.0.0-cp314-cp314-macosx_12_0_x86_64.whl", hash = "sha256:e009ef945e498dca2f050ea10d2e9764cb44017254826fc4574fdb8d2530173b", size = 37630854, upload-time = "2026-07-10T08:28:23.452Z" },
    { url = "https://files.pythonhosted.org/packages/af/9f/2d81ba89d1e4198d0cb25fe7529de936830fdaec0db926bb52a1ef7080d4/pyarrow-25.0.0-cp314-cp314-manylinux_2_28_aarch64.whl", hash = "sha256:f57a39dbcb416345401c2e77a4373669b45fd111a1768e6cf267a7a0607ff0ec", size = 46905617, upload-time = "2026-07-10T08:28:29.376Z" },
    { url = "https://files.pythonhosted.org/packages/6a/29/0ed312ec800fb536f93783215126cee4b8977dcfeccba6f0f44df0cc87d7/pyarrow-25.0.0-cp314-cp314-manylinux_2_28_x86_64.whl", hash = "sha256:447df764beb07c544f0178a5f6b70ef44b9ecf382b3cdfad4c2d7867353c3887", size = 50119765, upload-time = "2026-07-10T08:28:35.826Z" },
    { url = "https://files.pythonhosted.org/packages/ca/88/cab5063ba0c4d46a9f6b4b7eb1c9029dc0302d65cd5ab3510c949a386568/pyarrow-25.0.0-cp314-cp314-musllinux_1_2_aarch64.whl", hash = "sha256:ac5dfeee59f9ceb4d45ba76e83b026c38c24334135bb329d8274baa49cec3c62", size = 50027563, upload-time = "2026-07-10T08:28:43.848Z" },
    { url = "https://files.pythonhosted.org/packages/7b/fb/4d24f1b7fe2e042dc4ef315ef75e4e702d8e46fe10c37e63caff00502b03/pyarrow-25.0.0-cp314-cp314-musllinux_1_2_x86_64.whl", hash = "sha256:f0f100dacf2c0f400601664a79d1a907ced4740514bb2b00917341038e2ce76f", size = 53162437, upload-time = "2026-07-10T08:28:52.819Z" },
    { url = "https://files.pythonhosted.org/packages/fa/65/da20806de93ca6ee91e72cb6a9b08b3ac890b46efc8d94a7326c651c4c81/pyarrow-25.0.0-cp314-cp314-win_amd64.whl", hash = "sha256:2e093efbecb5317372f819228fa4b4e6157eee48d3f0a7b0303705ebf81a7104", size = 28613262, upload-time = "2026-07-10T08:29:47.544Z" },
    { url = "https://files.pythonhosted.org/packages/86/9f/c632afb1d3ef4a7814cee236718235f3a47eac46e97eb87df40f550b6b48/pyarrow-25.0.0-cp314-cp314t-macosx_12_0_arm64.whl", hash = "sha256:26be35b80780d2d21f4bae3d568b1666337c3a89722cc1794c956a77017cb24e", size = 36120702, upload-time = "2026-07-10T08:28:59.577Z" },
    { url = "https://files.pythonhosted.org/packages/36/0a/093d53a0e72ad06e45d6443e00651bbc2d21af4211295086cbf4d873d3b9/pyarrow-25.0.0-cp314-cp314t-macosx_12_0_x86_64.whl", hash = "sha256:6f4812bfbf11ca7d8faf59eb8fff8bf4dd25ce3a38b62baa010cc17a0926d1b2", size = 37750674, upload-time = "2026-07-10T08:29:06.916Z" },
    { url = "https://files.pythonhosted.org/packages/8a/18/b37fc31a69cff4bdfb8842683def5612f551b93fff6f44375e4a4a6a5535/pyarrow-25.0.0-cp314-cp314t-manylinux_2_28_aarch64.whl", hash = "sha256:b8af8ceedf0c9c160fd2b63440f2d205b9404db85866c1217bfea601de7cfb50", size = 46912304, upload-time = "2026-07-10T08:29:14.656Z" },
    { url = "https://files.pythonhosted.org/packages/32/35/5cae19ba72493e5598022468b56f6a5571f399f485bf412f157356476caa/pyarrow-25.0.0-cp314-cp314t-manylinux_2_28_x86_64.whl", hash = "sha256:c70a5fd9a82bd1a702fd482bdc62d38dcb672fb2b449b1d7c0d7d1f4be7b7bfe", size = 50073652, upload-time = "2026-07-10T08:29:22.467Z" },
    { url = "https://files.pythonhosted.org/packages/2e/a5/ddd508424bdfd5e6945765e9e2ffc687e2f6115972badc8ecf423076c407/pyarrow-25.0.0-cp314-cp314t-musllinux_1_2_aarch64.whl", hash = "sha256:0490a7f8b38ffe11cc26526b50c65d111cb54ddac3717cec781806793f1244dc", size = 50058654, upload-time = "2026-07-10T08:29:29.689Z" },
    { url = "https://files.pythonhosted.org/packages/5f/a4/324d0db203ff5eebe8694ec2d6ec5a23f9aaa5d02e5b8c692914c518c33c/pyarrow-25.0.0-cp314-cp314t-musllinux_1_2_x86_64.whl", hash = "sha256:e83916bbcf380866b4e14255850b33323ff678dc9758411d0409cdd2523880b0", size = 53140153, upload-time = "2026-07-10T08:29:36.041Z" },
    { url = "https://files.pythonhosted.org/packages/bd/8d/d236e9c82fe315f9128885c8be3ec719f41965a1eb6b6f4b42470904cd41/pyarrow-25.0.0-cp314-cp314t-win_amd64.whl", hash = "sha256:13240f0d3dc5932ccd0bfa90cd76d835680b9d94a7661c635df4b703d40ce849", size = 28743657, upload-time = "2026-07-10T08:29:42.742Z" },
]

[[package]]
name = "qh3"
version = "1.9.4"
source = { registry = "https://pypi.org/simple" }
sdist = { url = "https://files.pythonhosted.org/packages/72/ae/9d42d6df0ab9a014138332346fd690f7b0be0556861421d2459caec28d6f/qh3-1.9.4.tar.gz", hash = "sha256:bd2ea9baf19656c544a48a56a195f2ac257cd973b566f5f2998fa3b7446281a1", size = 346724, upload-time = "2026-07-13T06:36:32.05Z" }
wheels = [
    { url = "https://files.pythonhosted.org/packages/0b/89/1b52aa142d772479393c4868f41255ddaf29627db72a36c1f635f51987ad/qh3-1.9.4-cp314-cp314t-macosx_10_12_x86_64.macosx_11_0_arm64.macosx_10_12_universal2.whl", hash = "sha256:100368855b0e103774438aaf8b38c711fb51b79f18e3b9dc873ea573648bcc3d", size = 4360094, upload-time = "2026-07-13T06:33:32.269Z" },
    { url = "https://files.pythonhosted.org/packages/f3/71/c9dd5b4093999b651869e5277ed33d88fa2ae4eca064896c66319563dd16/qh3-1.9.4-cp314-cp314t-manylinux_2_17_aarch64.manylinux2014_aarch64.whl", hash = "sha256:9b9d45e544e0a556380bd2a92af180ee98d32bca6cf622f28350ebc000611bdf", size = 2159530, upload-time = "2026-07-13T06:33:34.077Z" },
    { url = "https://files.pythonhosted.org/packages/ec/74/b4b34a93b1acf1476a757b1c5bac9d38d5c7cb2272d68b3ce1457476101f/qh3-1.9.4-cp314-cp314t-manylinux_2_17_armv7l.manylinux2014_armv7l.whl", hash = "sha256:43f80d662078c26563a1aac32a4df22649473d996bf2422e073c8aa55b1c837c", size = 1862303, upload-time = "2026-07-13T06:33:35.801Z" },
    { url = "https://files.pythonhosted.org/packages/31/cb/dc3004df9af3922cab529c53bd6b58a7d44cce02f6b6dd7f795d8a3350ce/qh3-1.9.4-cp314-cp314t-manylinux_2_17_i686.manylinux2014_i686.whl", hash = "sha256:551f60d487d849d6f2313dda94e54ebb16b1a29acb93676540ae790a56308c24", size = 2033172, upload-time = "2026-07-13T06:33:37.677Z" },
    { url = "https://files.pythonhosted.org/packages/82/be/6952fde329c37b8c2f64548df726bd86b8dfda12df740b244114adc7e60d/qh3-1.9.4-cp314-cp314t-manylinux_2_17_ppc64.manylinux2014_ppc64.whl", hash = "sha256:3755d777ff35561bc719f571ebc4b91aaa8a945c210e50b2576bf2cc69cb511f", size = 2035596, upload-time = "2026-07-13T06:33:39.391Z" },
    { url = "https://files.pythonhosted.org/packages/98/5b/67676a616baba1265e5f06ef202779099a9b4926c81342c007528c68a3f8/qh3-1.9.4-cp314-cp314t-manylinux_2_17_ppc64le.manylinux2014_ppc64le.whl", hash = "sha256:04b64bb18e10d8f482bea1ef43e5da3448e2d5ba78bb0c735da5b9e02d7dfb0e", size = 2033387, upload-time = "2026-07-13T06:33:41.034Z" },
    { url = "https://files.pythonhosted.org/packages/94/03/6823de539154091b46234c667e49bff9b06bae44a82d14895d813f909fae/qh3-1.9.4-cp314-cp314t-manylinux_2_17_s390x.manylinux2014_s390x.whl", hash = "sha256:b47597daa4ae9195f81a35822217a395d3277f01a393d9c2bb3796a6b458b22c", size = 2090092, upload-time = "2026-07-13T06:33:42.875Z" },
    { url = "https://files.pythonhosted.org/packages/1f/5c/8a3e3b005f66091baf0310a429003733986d9e001d13f3f7781ff3849873/qh3-1.9.4-cp314-cp314t-manylinux_2_17_x86_64.manylinux2014_x86_64.whl", hash = "sha256:c9bb9012bc02c44da6af1b931b6082588519685fad8a1f866c341f749394f53f", size = 2368083, upload-time = "2026-07-13T06:33:45.085Z" },
    { url = "https://files.pythonhosted.org/packages/02/3b/6feff7b78e7cf9eaf3b25af6d7239754c32d62881f9f392bf4d18d60a907/qh3-1.9.4-cp314-cp314t-manylinux_2_39_riscv64.whl", hash = "sha256:9c7f3781ec022dd958b5eb0e5cb2e2a54e207a3d8837fb7290bc239912648fd7", size = 2015665, upload-time = "2026-07-13T06:33:46.794Z" },
    { url = "https://files.pythonhosted.org/packages/54/24/07692a20232b6f8788a54c7f06b25ce702b4a94a5ad79bf680a9e32fae08/qh3-1.9.4-cp314-cp314t-musllinux_1_1_aarch64.whl", hash = "sha256:633a24ab2db76d64881876c9d0f1b226a47d892bd7d78e61ea2c788ab59570af", size = 2349383, upload-time = "2026-07-13T06:33:48.495Z" },
    { url = "https://files.pythonhosted.org/packages/38/15/f447e2ea4216757fbb5627ce96bb79e386133b0cd3e8f3c1b0142d4d1bdd/qh3-1.9.4-cp314-cp314t-musllinux_1_1_armv7l.whl", hash = "sha256:f2ff36b84a4ab9b68806af1f6985fa3b47e29695effe766a3e70c21efac8157c", size = 2133616, upload-time = "2026-07-13T06:33:50.079Z" },
    { url = "https://files.pythonhosted.org/packages/54/4a/dc4a346000aeb4d21aabb4b6daf47231556e47d534be3fa4a9ce95ee6d83/qh3-1.9.4-cp314-cp314t-musllinux_1_1_i686.whl", hash = "sha256:2100697d736dbdfd1d3f0266c9fcadea6230b66ed59e3e7f8c9a9d1a6eec0c65", size = 2231106, upload-time = "2026-07-13T06:33:51.678Z" },
    { url = "https://files.pythonhosted.org/packages/38/b8/6090e97b28c7486d045309ebf010f8bd79a94b5838edeb7b39080ef8b1ad/qh3-1.9.4-cp314-cp314t-musllinux_1_1_riscv64.whl", hash = "sha256:9ce179efaf97f927f01fe158619f5624d8d874c7161b7c497f06897cdde210d5", size = 2125844, upload-time = "2026-07-13T06:33:54.318Z" },
    { url = "https://files.pythonhosted.org/packages/f5/b7/a8d8d0568758ac85e87003aa550b7557b502eb1b600309abbdbe6246294b/qh3-1.9.4-cp314-cp314t-musllinux_1_1_x86_64.whl", hash = "sha256:476ee4fcdbd3454eb0eb4dee5678294f06c08ca8e8b83160e2d0ae3c4ae34603", size = 2588008, upload-time = "2026-07-13T06:33:55.915Z" },
    { url = "https://files.pythonhosted.org/packages/e2/ab/318fb071ed092edc1b6572066157b6a029c15c42369520d7d7353a126334/qh3-1.9.4-cp314-cp314t-win32.whl", hash = "sha256:fe9df8136bf358d45a2757287523abaeb208fcbe2c1e34664562eb2d8f64dbdb", size = 1855852, upload-time = "2026-07-13T06:33:57.59Z" },
    { url = "https://files.pythonhosted.org/packages/d2/5f/2b617597c665739ee6d0b190aef22df378e759a810a86fe1de7acab31857/qh3-1.9.4-cp314-cp314t-win_amd64.whl", hash = "sha256:1fbdf53feb1732faf6c1cb34f2e1cbe4b543054db7b4d19d8752f1162e9370be", size = 2122462, upload-time = "2026-07-13T06:33:59.182Z" },
    { url = "https://files.pythonhosted.org/packages/85/3e/56694a36751508ec18f66ba115c83a4dad6d576ebbb50523c940eb89b3ca/qh3-1.9.4-cp314-cp314t-win_arm64.whl", hash = "sha256:e03ee1e2157a31c69415c3dbfbfe64e02469499ca46e968d13d8a7b289bf520a", size = 1971117, upload-time = "2026-07-13T06:34:00.709Z" },
    { url = "https://files.pythonhosted.org/packages/f2/48/646ee80a03ef7fac2b70cccea8a8f17c284fbb86fb854227f6ce70898053/qh3-1.9.4-cp37-abi3-macosx_10_12_x86_64.macosx_11_0_arm64.macosx_10_12_universal2.whl", hash = "sha256:26f7c8ed1a7ac0e25b654f030a4f472830c80890cc284dc40a31c17ecc21fbf0", size = 4376855, upload-time = "2026-07-13T06:34:02.745Z" },
    { url = "https://files.pythonhosted.org/packages/af/86/d6777ff057a45debcfeb2a55b21692ce0c6f32a3c3a45531e83cf8ed4ef6/qh3-1.9.4-cp37-abi3-manylinux_2_17_aarch64.manylinux2014_aarch64.whl", hash = "sha256:a57b3dfe5dd2da2084adea63dba0bf587a4096ebf9207339187c90139d1f460d", size = 2164636, upload-time = "2026-07-13T06:34:04.437Z" },
    { url = "https://files.pythonhosted.org/packages/0e/7b/7ebfd6babc3aaac74fb40beb5f85c289e2dcc40116282a3e48db99558eb7/qh3-1.9.4-cp37-abi3-manylinux_2_17_armv7l.manylinux2014_armv7l.whl", hash = "sha256:7fa1a3debb5199da3c7f45b0ca6efa55174dfd6229370e774099073143ebe9e9", size = 1865942, upload-time = "2026-07-13T06:34:06.03Z" },
    { url = "https://files.pythonhosted.org/packages/62/8f/bbc0b834b1252356d49d8813156606d426eb7f90ed5bc6aa479bc8aef7c6/qh3-1.9.4-cp37-abi3-manylinux_2_17_i686.manylinux2014_i686.whl", hash = "sha256:6dc9ff40d3a06f27b47d93417666f03ba6fd6b9585d9711ebbddf84fa4b7c50f", size = 2038977, upload-time = "2026-07-13T06:34:09.165Z" },
    { url = "https://files.pythonhosted.org/packages/c4/32/fe10f124f2062cb9004c18c1b506d29961e2e4d72d2c20ea1b3503ebe6fe/qh3-1.9.4-cp37-abi3-manylinux_2_17_ppc64.manylinux2014_ppc64.whl", hash = "sha256:010b132c33719af3df4c1d6f569e52a2a20046c55a31c5532e741019c8c53868", size = 2042505, upload-time = "2026-07-13T06:34:10.932Z" },
    { url = "https://files.pythonhosted.org/packages/c8/eb/b7b93687c033d4291c8207f47b2b0c7fdb738db89ab5beceae08d866734f/qh3-1.9.4-cp37-abi3-manylinux_2_17_ppc64le.manylinux2014_ppc64le.whl", hash = "sha256:124045b0c04c05afc038a239d7717019b4c4b9d0cb967040b4331f4d588eff7d", size = 2039083, upload-time = "2026-07-13T06:34:12.952Z" },
    { url = "https://files.pythonhosted.org/packages/1b/22/b064ec3fd14f121a8710f41bb42680ed96635b55bc78f2e85d475e8dbd65/qh3-1.9.4-cp37-abi3-manylinux_2_17_s390x.manylinux2014_s390x.whl", hash = "sha256:7a94a1726bf46a451a0295d68fafde28794e83ab6fda7457cbd9309c38151de9", size = 2092767, upload-time = "2026-07-13T06:34:14.925Z" },
    { url = "https://files.pythonhosted.org/packages/29/92/54bac0ab3aad24b84f1e3c4868399e42cb8678054650f5f2e436acc2554c/qh3-1.9.4-cp37-abi3-manylinux_2_17_x86_64.manylinux2014_x86_64.whl", hash = "sha256:3b361e627b6a529ecb231c1d5f3f2abd6d1952b0d7cc02c7718d9657d55dae37", size = 2372367, upload-time = "2026-07-13T06:34:16.589Z" },
    { url = "https://files.pythonhosted.org/packages/4c/78/99f27d776e54724050d41a14762e25e6b8d251b20943b59928f4fca366ad/qh3-1.9.4-cp37-abi3-manylinux_2_39_riscv64.whl", hash = "sha256:43b6cfb2240836e3e54bbe61ad1b8fa5716516ff5359131a2421c55676a24f26", size = 2017823, upload-time = "2026-07-13T06:34:18.114Z" },
    { url = "https://files.pythonhosted.org/packages/9f/f7/ac383f019b69e9c7021e300cde900de36953d44e408fbd323993575ce765/qh3-1.9.4-cp37-abi3-musllinux_1_1_aarch64.whl", hash = "sha256:e6db3def610e9c2d2f3602d3e9c8b2156273225f6eedf74a4749d3bc21af8167", size = 2353468, upload-time = "2026-07-13T06:34:19.751Z" },
    { url = "https://files.pythonhosted.org/packages/17/db/d60b95e872368e51756877e98841b77691acb833e89997839a7adfe053d0/qh3-1.9.4-cp37-abi3-musllinux_1_1_armv7l.whl", hash = "sha256:22d5879dc93d2c7ee14cc5933b12c7780d9c7705dff4553becea152fcb767d99", size = 2136024, upload-time = "2026-07-13T06:34:21.837Z" },
    { url = "https://files.pythonhosted.org/packages/6b/ed/a84cbc776edb96b8502d9e9093432431927dd827ca2d064b196a43418bb7/qh3-1.9.4-cp37-abi3-musllinux_1_1_i686.whl", hash = "sha256:2c2b2005fe6c605d61cac05ec2b3c019cc546184fa43444f3d1e3d22ed020ab2", size = 2235665, upload-time = "2026-07-13T06:34:23.425Z" },
    { url = "https://files.pythonhosted.org/packages/7c/0b/ef538579ba7144fadc6865df30bc9ccb3b78ae1dd61899a5da115b0ea461/qh3-1.9.4-cp37-abi3-musllinux_1_1_riscv64.whl", hash = "sha256:e991b0f20b172fea466d0ffd499a85bf2f26decdeeda537275c72b5f7b26ccfe", size = 2128989, upload-time = "2026-07-13T06:34:25.636Z" },
    { url = "https://files.pythonhosted.org/packages/ee/ad/fb9f922d0ea410c7f7f19a746f02be0fab2b5b5c061872ca0965fe767c52/qh3-1.9.4-cp37-abi3-musllinux_1_1_x86_64.whl", hash = "sha256:c13775ed27a88b297f6a1aa05ffb286879453f99e1e53e0af2b22e7ed8f92ebf", size = 2593826, upload-time = "2026-07-13T06:34:27.288Z" },
    { url = "https://files.pythonhosted.org/packages/75/a5/aeef82a0edae7003d42c0587dfbceae4ff0ce375f8c2c13398a4aa4a29f3/qh3-1.9.4-cp37-abi3-win32.whl", hash = "sha256:952abe1be90c0114993886792a8a5ec2211f8391df41227f5b7a5a02ff71bc26", size = 1868838, upload-time = "2026-07-13T06:34:28.944Z" },
    { url = "https://files.pythonhosted.org/packages/05/48/77f3055a3790a515fc59b37cdf1f23c374f8a235c6fa1b110153b78668e4/qh3-1.9.4-cp37-abi3-win_amd64.whl", hash = "sha256:5543cb40a48d401f3fa4ec89398e3a213634f195716a9d06d70417c05edbbb32", size = 2130155, upload-time = "2026-07-13T06:34:30.526Z" },
    { url = "https://files.pythonhosted.org/packages/d3/bc/aec1f86da0d093a319f43d88b005b4b71efa94e8f675c2c9764098c2abb2/qh3-1.9.4-cp37-abi3-win_arm64.whl", hash = "sha256:d0bd73b3e73f4f80d2430d410b532222ecf57e9d4fe8600b7683c775cbff9479", size = 1980028, upload-time = "2026-07-13T06:34:32.376Z" },
]

[[package]]
name = "urllib3-future"
version = "2.22.901"
source = { registry = "https://pypi.org/simple" }
dependencies = [
    { name = "h11" },
    { name = "jh2" },
    { name = "qh3", marker = "(platform_machine == 'AMD64' and platform_python_implementation == 'CPython' and sys_platform == 'darwin') or (platform_machine == 'ARM64' and platform_python_implementation == 'CPython' and sys_platform == 'darwin') or (platform_machine == 'aarch64' and platform_python_implementation == 'CPython' and sys_platform == 'darwin') or (platform_machine == 'arm64' and platform_python_implementation == 'CPython' and sys_platform == 'darwin') or (platform_machine == 'armv7l' and platform_python_implementation == 'CPython' and sys_platform == 'darwin') or (platform_machine == 'i686' and platform_python_implementation == 'CPython' and sys_platform == 'darwin') or (platform_machine == 'ppc64' and platform_python_implementation == 'CPython' and sys_platform == 'darwin') or (platform_machine == 'ppc64le' and platform_python_implementation == 'CPython' and sys_platform == 'darwin') or (platform_machine == 'riscv64' and platform_python_implementation == 'CPython' and sys_platform == 'darwin') or (platform_machine == 'riscv64gc' and platform_python_implementation == 'CPython' and sys_platform == 'darwin') or (platform_machine == 's390x' and platform_python_implementation == 'CPython' and sys_platform == 'darwin') or (platform_machine == 'x86' and platform_python_implementation == 'CPython' and sys_platform == 'darwin') or (platform_machine == 'x86_64' and platform_python_implementation == 'CPython' and sys_platform == 'darwin') or (platform_machine == 'AMD64' and platform_python_implementation == 'CPython' and sys_platform == 'linux') or (platform_machine == 'ARM64' and platform_python_implementation == 'CPython' and sys_platform == 'linux') or (platform_machine == 'aarch64' and platform_python_implementation == 'CPython' and sys_platform == 'linux') or (platform_machine == 'arm64' and platform_python_implementation == 'CPython' and sys_platform == 'linux') or (platform_machine == 'armv7l' and platform_python_implementation == 'CPython' and sys_platform == 'linux') or (platform_machine == 'i686' and platform_python_implementation == 'CPython' and sys_platform == 'linux') or (platform_machine == 'ppc64' and platform_python_implementation == 'CPython' and sys_platform == 'linux') or (platform_machine == 'ppc64le' and platform_python_implementation == 'CPython' and sys_platform == 'linux') or (platform_machine == 'riscv64' and platform_python_implementation == 'CPython' and sys_platform == 'linux') or (platform_machine == 'riscv64gc' and platform_python_implementation == 'CPython' and sys_platform == 'linux') or (platform_machine == 's390x' and platform_python_implementation == 'CPython' and sys_platform == 'linux') or (platform_machine == 'x86' and platform_python_implementation == 'CPython' and sys_platform == 'linux') or (platform_machine == 'x86_64' and platform_python_implementation == 'CPython' and sys_platform == 'linux') or (platform_machine == 'AMD64' and platform_python_implementation == 'CPython' and sys_platform == 'win32') or (platform_machine == 'ARM64' and platform_python_implementation == 'CPython' and sys_platform == 'win32') or (platform_machine == 'aarch64' and platform_python_implementation == 'CPython' and sys_platform == 'win32') or (platform_machine == 'arm64' and platform_python_implementation == 'CPython' and sys_platform == 'win32') or (platform_machine == 'armv7l' and platform_python_implementation == 'CPython' and sys_platform == 'win32') or (platform_machine == 'i686' and platform_python_implementation == 'CPython' and sys_platform == 'win32') or (platform_machine == 'ppc64' and platform_python_implementation == 'CPython' and sys_platform == 'win32') or (platform_machine == 'ppc64le' and platform_python_implementation == 'CPython' and sys_platform == 'win32') or (platform_machine == 'riscv64' and platform_python_implementation == 'CPython' and sys_platform == 'win32') or (platform_machine == 'riscv64gc' and platform_python_implementation == 'CPython' and sys_platform == 'win32') or (platform_machine == 's390x' and platform_python_implementation == 'CPython' and sys_platform == 'win32') or (platform_machine == 'x86' and platform_python_implementation == 'CPython' and sys_platform == 'win32') or (platform_machine == 'x86_64' and platform_python_implementation == 'CPython' and sys_platform == 'win32')" },
]
sdist = { url = "https://files.pythonhosted.org/packages/c4/81/10f2b68f02f3fcfcd476c8839bee0a8121f0f6740326233755869236e2b6/urllib3_future-2.22.901.tar.gz", hash = "sha256:fbece0ff51299a213c926897ffbed61d820ab5ef2ba81cece361c049fe2f51a9", size = 1306989, upload-time = "2026-07-09T06:35:05.466Z" }
wheels = [
    { url = "https://files.pythonhosted.org/packages/88/d4/f2c424cec0a6911f53d3a8ece6198c94c428fc805270b681a465f43f20f1/urllib3_future-2.22.901-py3-none-any.whl", hash = "sha256:dc2d4572ba612be69e3f6db87d1f469b7d08f107e80fd8749081d7e6a5a2fe10", size = 777228, upload-time = "2026-07-09T06:35:03.693Z" },
]

[[package]]
name = "wassima"
version = "2.1.2"
source = { registry = "https://pypi.org/simple" }
sdist = { url = "https://files.pythonhosted.org/packages/d1/9f/be43f3a97d27bd3bcdd572024ed082b55f486e0541834061da6acf9c77c7/wassima-2.1.2.tar.gz", hash = "sha256:f74b5441151728c54118ece6d747cfe92b2c595a3d062a1955f42a2bc894cd10", size = 139636, upload-time = "2026-07-07T14:01:57.921Z" }
wheels = [
    { url = "https://files.pythonhosted.org/packages/d7/94/5ccf60801c011725de5deaa4efc0db9a3719c56c77aac8716ce2def3d790/wassima-2.1.2-py3-none-any.whl", hash = "sha256:9a5779e8ade39960973c6cc17e095cc998d6345ab3dbdd1ec2d7fde8c356fb82", size = 130729, upload-time = "2026-07-07T14:01:56.343Z" },
]
