version = 1
revision = 3
requires-python = ">=3.14.5"

[[package]]
name = "charset-normalizer"
version = "3.4.9"
source = { registry = "https://pypi.org/simple" }
sdist = { url = "https://files.pythonhosted.org/packages/bd/2a/23f34ec9d04624958e137efdc394888716353190e75f25dd22c7a2c7a8aa/charset_normalizer-3.4.9.tar.gz", hash = "sha256:673611bbd43f0810bec0b0f028ddeaaa501190339cac411f347ac76917c3ae7b", size = 152439, upload-time = "2026-07-07T14:34:58.454Z" }
wheels = [
    { url = "https://files.pythonhosted.org/packages/7e/8d/496817fa0944239ecae662dd57ea765cfeaec6a735f9f025d4b7b72e7143/charset_normalizer-3.4.9-cp314-cp314-macosx_10_15_universal2.whl", hash = "sha256:0327fcd59a935777d83410750c50600ee9571af2846f71ce40f25b13da1ef380", size = 317253, upload-time = "2026-07-07T14:33:54.994Z" },
    { url = "https://files.pythonhosted.org/packages/2b/f9/ef4a69ea338ad3c0deceea0f5f7d2380ae8b52132b06d652cb0d2cd86706/charset_normalizer-3.4.9-cp314-cp314-manylinux2014_aarch64.manylinux_2_17_aarch64.manylinux_2_28_aarch64.whl", hash = "sha256:8a79d9f4d8001473a30c163556b3c3bfebec837495a412dde78b51672f6134f9", size = 215898, upload-time = "2026-07-07T14:33:56.334Z" },
    { url = "https://files.pythonhosted.org/packages/8c/e7/5ddfd76fc061eb52de219658a4aa431cbacadf0a0219c8854f00da50d289/charset_normalizer-3.4.9-cp314-cp314-manylinux2014_ppc64le.manylinux_2_17_ppc64le.manylinux_2_28_ppc64le.whl", hash = "sha256:33bdcc2a32c0a0e861f60841a512c8acc658c87c2ac59d89e3a46dacf7d866e4", size = 236718, upload-time = "2026-07-07T14:33:57.9Z" },
    { url = "https://files.pythonhosted.org/packages/49/ba/768fa3f36048d81c477a0ce61f813bc1454d80917ccfe550abd9f44f5e24/charset_normalizer-3.4.9-cp314-cp314-manylinux2014_s390x.manylinux_2_17_s390x.manylinux_2_28_s390x.whl", hash = "sha256:f840ed6d8ecba8255df8c42b87fadeda98ddfc6eeec05e2dc66e26d46dd6f58a", size = 232519, upload-time = "2026-07-07T14:33:59.811Z" },
    { url = "https://files.pythonhosted.org/packages/f4/c4/b3e049d2aa3766180c78507110543d9d50894cc97f57de543f1be521dcdc/charset_normalizer-3.4.9-cp314-cp314-manylinux2014_x86_64.manylinux_2_17_x86_64.manylinux_2_28_x86_64.whl", hash = "sha256:c25fe15c70c59eb7c5ce8c06a1f3fa1da0ecc5ea1e7a5922c40fd2fa9b0d5046", size = 223143, upload-time = "2026-07-07T14:34:01.517Z" },
    { url = "https://files.pythonhosted.org/packages/19/79/55c32d06d76ae4feafe053f061f3e3ab70bcf19f4007797ce8c3efda7830/charset_normalizer-3.4.9-cp314-cp314-manylinux_2_31_armv7l.whl", hash = "sha256:f7fb7d750cfa0a070d2c24e831fd3481019a60dd317ea2b39acbcebc08b6ed81", size = 206742, upload-time = "2026-07-07T14:34:03.04Z" },
    { url = "https://files.pythonhosted.org/packages/10/e0/47c079dd82d217c807479cd59ffd30af56307ea31c108b75758970459ad3/charset_normalizer-3.4.9-cp314-cp314-manylinux_2_31_riscv64.manylinux_2_39_riscv64.whl", hash = "sha256:4d1c96a7a18b9690a4d46df09e3e3382406ae3213727cd1019ebade1c4a81917", size = 219191, upload-time = "2026-07-07T14:34:04.657Z" },
    { url = "https://files.pythonhosted.org/packages/42/ab/b9bc2e77d6b44a7e46ef62ec5cac1c9a6ba7b9135a5d560f002696ec9995/charset_normalizer-3.4.9-cp314-cp314-musllinux_1_2_aarch64.whl", hash = "sha256:a4cfde78a9f2880208d16a93b795726a3017d5977e08d1e162a7a31322479c41", size = 218328, upload-time = "2026-07-07T14:34:06.115Z" },
    { url = "https://files.pythonhosted.org/packages/f1/78/c9c71d599f5aa2d42bcdd35cbbd46d7f535351a57e40ff7d8e5a7e219401/charset_normalizer-3.4.9-cp314-cp314-musllinux_1_2_armv7l.whl", hash = "sha256:d4d6fcde76f94f5cb9e43e9e9a61f16dacefd228cbbf6f1a09bd9b219a92f1a1", size = 207406, upload-time = "2026-07-07T14:34:07.554Z" },
    { url = "https://files.pythonhosted.org/packages/f6/39/c914445c321a845097ce4f6ac7de9a18228a77b766272125a1ce00d851eb/charset_normalizer-3.4.9-cp314-cp314-musllinux_1_2_x86_64.whl", hash = "sha256:898f0e9068ca27d37f8e83a5b962821df851532e6c4a7d615c1c033f9da6eedf", size = 225157, upload-time = "2026-07-07T14:34:09.061Z" },
    { url = "https://files.pythonhosted.org/packages/9b/f2/c0d4b8508565a36bc5c624e88ed297f5b0b1095011034d7f5b83a69908b5/charset_normalizer-3.4.9-cp314-cp314-win32.whl", hash = "sha256:c1c948747b03be832dceed96ca815cef7360de9aa19d37c730f8e3f6101aca48", size = 151095, upload-time = "2026-07-07T14:34:10.901Z" },
    { url = "https://files.pythonhosted.org/packages/49/fd/a1d26144398c67486422a72bf5812cda22cb4ccfcd95a290fb41ceb4b8e2/charset_normalizer-3.4.9-cp314-cp314-win_amd64.whl", hash = "sha256:16b65ea0f2465b6fb52aa22de5eca612aa964ddfec00a912e26f4656cbef890b", size = 162796, upload-time = "2026-07-07T14:34:12.47Z" },
    { url = "https://files.pythonhosted.org/packages/20/95/d75e82f8ce9fd323ebf059c16c9aadefb22a1ecde13b7840b35835e4886c/charset_normalizer-3.4.9-cp314-cp314-win_arm64.whl", hash = "sha256:40a126142a56b2dfc0aacbad1de8310cbf60da7656db0e6b16eebd48e3e93519", size = 153334, upload-time = "2026-07-07T14:34:14.044Z" },
    { url = "https://files.pythonhosted.org/packages/00/5e/17398df3a139985ba9d11ed072531986f408c8fca952835ef1ab1820c02b/charset_normalizer-3.4.9-cp314-cp314t-macosx_10_15_universal2.whl", hash = "sha256:609b3ba8fcc0fb5ab7af00719d0fb6ad0cb518e48e7712d12fd68f1327951198", size = 338848, upload-time = "2026-07-07T14:34:15.688Z" },
    { url = "https://files.pythonhosted.org/packages/cd/91/7253a32e86b7e1d1239b1b36ba6dd0f021a21107ab33054b53119cc083b9/charset_normalizer-3.4.9-cp314-cp314t-manylinux2014_aarch64.manylinux_2_17_aarch64.manylinux_2_28_aarch64.whl", hash = "sha256:51447e9aa2684679af07ca5021c3db526e0284347ebf4ffcec1154c3350cfe32", size = 223022, upload-time = "2026-07-07T14:34:17.248Z" },
    { url = "https://files.pythonhosted.org/packages/cb/32/2e64bd2be10e89c61e57ebe6a93fd98ae88eb7ebe414b5121f22c96c69eb/charset_normalizer-3.4.9-cp314-cp314t-manylinux2014_ppc64le.manylinux_2_17_ppc64le.manylinux_2_28_ppc64le.whl", hash = "sha256:cc1b0fff8ead343dae06305f954eb8468ba0ec1a97881f42489d198e4ce3c632", size = 241590, upload-time = "2026-07-07T14:34:18.813Z" },
    { url = "https://files.pythonhosted.org/packages/3d/ef/d96ec496cfea0c21db43b0ad03891308b02388d054cc902cf0e5a1ad6a88/charset_normalizer-3.4.9-cp314-cp314t-manylinux2014_s390x.manylinux_2_17_s390x.manylinux_2_28_s390x.whl", hash = "sha256:fa36ec09ef71d158186bc79e359ff5fdd6e7996fe8ab638f00d6b93139ba4fcf", size = 239584, upload-time = "2026-07-07T14:34:20.52Z" },
    { url = "https://files.pythonhosted.org/packages/d4/ce/9af95f7876194bd7a14e3dfe4a4de2e0bff02666a3910d72beafd06cc297/charset_normalizer-3.4.9-cp314-cp314t-manylinux2014_x86_64.manylinux_2_17_x86_64.manylinux_2_28_x86_64.whl", hash = "sha256:df115d4d83168fdf2cae48ef1ff6d1cb4c466364e30861b37121de0f3bf1b990", size = 230224, upload-time = "2026-07-07T14:34:22.189Z" },
    { url = "https://files.pythonhosted.org/packages/52/94/af74dde74a3996bd959c350709bfe50e297823d70a8c1cbd54b838880863/charset_normalizer-3.4.9-cp314-cp314t-manylinux_2_31_armv7l.whl", hash = "sha256:f86c6358749bd4fda175388691e3ba8c46e24c5347d0afd20f9b7edfc9faf07d", size = 212667, upload-time = "2026-07-07T14:34:23.857Z" },
    { url = "https://files.pythonhosted.org/packages/ee/f0/f1c4fe746c395922961b5916ed1d7d6e7d4c84851d19ed43cc89980ec953/charset_normalizer-3.4.9-cp314-cp314t-manylinux_2_31_riscv64.manylinux_2_39_riscv64.whl", hash = "sha256:32286a2c8d167e897177b673176c1e3e00d4057caf5d2b64eef9a3666b03018e", size = 227179, upload-time = "2026-07-07T14:34:25.586Z" },
    { url = "https://files.pythonhosted.org/packages/e4/56/6c745619ac397e8871e2bcd3cea1eec86b877488f33888b3aef5c3ed506e/charset_normalizer-3.4.9-cp314-cp314t-musllinux_1_2_aarch64.whl", hash = "sha256:83aed2c10721ddd90f68140685391b50811a880af20654c59af6b6c66c40513c", size = 225372, upload-time = "2026-07-07T14:34:27.212Z" },
    { url = "https://files.pythonhosted.org/packages/78/ad/98aae8630ac71f16711968e38a5acfecce41b778bf2f0312851020f565a8/charset_normalizer-3.4.9-cp314-cp314t-musllinux_1_2_armv7l.whl", hash = "sha256:cd6c3d4b783c556fa00bf540854e42f135e2f256abd29669fcd0da0f2dec79c2", size = 215222, upload-time = "2026-07-07T14:34:28.774Z" },
    { url = "https://files.pythonhosted.org/packages/f7/40/9593d54209765207a7f11073c06494c1721e4ca4a0a426c597679bf7f91e/charset_normalizer-3.4.9-cp314-cp314t-musllinux_1_2_x86_64.whl", hash = "sha256:ee2f2a527e3c1a6e6411eb4209642e138b544a2d72fe5d0d76daf77b24063534", size = 231958, upload-time = "2026-07-07T14:34:30.345Z" },
    { url = "https://files.pythonhosted.org/packages/b1/27/693ee5e8a18191eb38647360c51cd505013e2bd3b366aa43fd5344c21e3c/charset_normalizer-3.4.9-cp314-cp314t-win32.whl", hash = "sha256:0d861473f743244d349b50f850d10eb87aeb22bbdcc8e64f79273c94af5a8226", size = 155580, upload-time = "2026-07-07T14:34:31.884Z" },
    { url = "https://files.pythonhosted.org/packages/80/3f/bd97d3d9c613013d07cb7733d299385b41df37f0471310f5a73dc359f0b8/charset_normalizer-3.4.9-cp314-cp314t-win_amd64.whl", hash = "sha256:9b8e0f3107e2200b76f6054de99016eac3ee6762713587b36baaa7e4bd2ae177", size = 167620, upload-time = "2026-07-07T14:34:33.438Z" },
    { url = "https://files.pythonhosted.org/packages/3d/c6/eee9dca4439b1061f76373f06ea855678cc4a64c1c3c90b50e479edbb8eb/charset_normalizer-3.4.9-cp314-cp314t-win_arm64.whl", hash = "sha256:19ac87f93086ce37b86e098888555c4b4bc48102279bae3350098c0ed664b501", size = 158037, upload-time = "2026-07-07T14:34:35.018Z" },
    { url = "https://files.pythonhosted.org/packages/98/2b/f97f1c193fb855c345d678f5077d6926034db0722df74c8f057020e05a25/charset_normalizer-3.4.9-py3-none-any.whl", hash = "sha256:68e5f26a1ad57ded6d1cfb85331d1c1a195314756471d97758c48498bb4dcdf5", size = 64538, upload-time = "2026-07-07T14:34:56.993Z" },
]

[[package]]
name = "h11"
version = "0.16.0"
source = { registry = "https://pypi.org/simple" }
sdist = { url = "https://files.pythonhosted.org/packages/01/ee/02a2c011bdab74c6fb3c75474d40b3052059d95df7e73351460c8588d963/h11-0.16.0.tar.gz", hash = "sha256:4e35b956cf45792e4caa5885e69fba00bdbc6ffafbfa020300e549b208ee5ff1", size = 101250, upload-time = "2025-04-24T03:35:25.427Z" }
wheels = [
    { url = "https://files.pythonhosted.org/packages/04/4b/29cac41a4d98d144bf5f6d33995617b185d14b22401f75ca86f384e87ff1/h11-0.16.0-py3-none-any.whl", hash = "sha256:63cf8bbe7522de3bf65932fda1d9c2772064ffb3dae62d55932da54b31cb6c86", size = 37515, upload-time = "2025-04-24T03:35:24.344Z" },
]

[[package]]
name = "jh2"
version = "5.0.13"
source = { registry = "https://pypi.org/simple" }
sdist = { url = "https://files.pythonhosted.org/packages/47/b1/b2b7389b2e0ddac90a1aecbf4a761db8790de85dace7695c01173ed083cc/jh2-5.0.13.tar.gz", hash = "sha256:f8c78cffb3a35c4410513c3eb7989de36028c84277c04f07c97909dd94c23a75", size = 7322505, upload-time = "2026-05-29T05:21:43.516Z" }
wheels = [
    { url = "https://files.pythonhosted.org/packages/ee/f8/e9e82b7b51947edbf762edb26eb9bcfadda10fc7526d092244528e9cea8c/jh2-5.0.13-cp314-cp314t-macosx_10_12_x86_64.macosx_11_0_arm64.macosx_10_12_universal2.whl", hash = "sha256:1dd137086b13d55a53c4b7b8b75869c824060a4d35615e4f49180ae58c7783f5", size = 601736, upload-time = "2026-05-29T05:19:45.14Z" },
    { url = "https://files.pythonhosted.org/packages/f0/f4/e82b4c5797c20facb2f1b54f893a422f8ba44f83bc66da3d60d90a1c3064/jh2-5.0.13-cp314-cp314t-manylinux_2_17_aarch64.manylinux2014_aarch64.whl", hash = "sha256:75d0b2bffb2e260a0f3578a11a4999a713c94d1bd8de7cfe692c840e20ae83cf", size = 383983, upload-time = "2026-05-29T05:19:46.687Z" },
    { url = "https://files.pythonhosted.org/packages/27/df/f439704e7a884b5bd0181188b30217d71d48ce6bb9a9d7e8378d00ed3497/jh2-5.0.13-cp314-cp314t-manylinux_2_17_armv7l.manylinux2014_armv7l.whl", hash = "sha256:f681e197bf6552df3bb7a3abfd676e81316b69e36e7263e72383477174032ca2", size = 389233, upload-time = "2026-05-29T05:19:47.973Z" },
    { url = "https://files.pythonhosted.org/packages/49/9e/c2cbdb2261724edb83fa0bdb260f75ad9b091189ada1651608f8ade71906/jh2-5.0.13-cp314-cp314t-manylinux_2_17_ppc64.manylinux2014_ppc64.whl", hash = "sha256:bde7e7ff0f17e87aca9ef23f66b80540a2de0ff8e2c26af55eb2e288a2a5f74f", size = 510268, upload-time = "2026-05-29T05:19:49.183Z" },
    { url = "https://files.pythonhosted.org/packages/1d/cf/65925f2aaea92e5f4a90a578b86a975bf6327ad53d82035a4d94f8f63580/jh2-5.0.13-cp314-cp314t-manylinux_2_17_ppc64le.manylinux2014_ppc64le.whl", hash = "sha256:6f8d364d53cc0854d910f2305726a8254acb527f13fa933dc213a591e21e7ffa", size = 503003, upload-time = "2026-05-29T05:19:50.699Z" },
    { url = "https://files.pythonhosted.org/packages/d4/fc/684ae4efe7568ec9f8ce427b6ecdc7387f870b3bbdcee75c370326685865/jh2-5.0.13-cp314-cp314t-manylinux_2_17_s390x.manylinux2014_s390x.whl", hash = "sha256:b572daaafbd867bb5c5f324c918704ddd6d76af1cc7c2be483c3649b76ce7940", size = 402856, upload-time = "2026-05-29T05:19:52.004Z" },
    { url = "https://files.pythonhosted.org/packages/0d/41/009c8b95f471ca83667e63e87a845f634f7b100f9fa2c1cbfc090c142ec9/jh2-5.0.13-cp314-cp314t-manylinux_2_17_x86_64.manylinux2014_x86_64.whl", hash = "sha256:a0772ad66f346038fe05cb2928866ff1b21bcaa9ec3f14709fa1d419ed1dc287", size = 386592, upload-time = "2026-05-29T05:19:53.201Z" },
    { url = "https://files.pythonhosted.org/packages/d2/8b/5b49f66cadc6d89db5339b602c06a9567ef493c33b860324f24a96b390a4/jh2-5.0.13-cp314-cp314t-manylinux_2_5_i686.manylinux1_i686.whl", hash = "sha256:b1d8313b13acfdef19c5ff793fdf397bae3d8d75181f6eee62604f13e4ec20a8", size = 406930, upload-time = "2026-05-29T05:19:54.441Z" },
    { url = "https://files.pythonhosted.org/packages/55/a4/7b997c7787ee6316c6b4f7bc0ff4d80c062ef3288038fbee870ed83f0946/jh2-5.0.13-cp314-cp314t-musllinux_1_1_aarch64.whl", hash = "sha256:99aedd20daacb32f377152c9103d8d0271f32d1932bd39a5ed2cd2eef97f7e07", size = 559781, upload-time = "2026-05-29T05:19:55.659Z" },
    { url = "https://files.pythonhosted.org/packages/ba/08/b75afc38215f961ba8d92af64a9e7cba57767829786484c5cb98fc1a1d2f/jh2-5.0.13-cp314-cp314t-musllinux_1_1_armv7l.whl", hash = "sha256:53b1df29ffe966cde1d2f0085b6acfcd237504627d406a51717ef3849ec88831", size = 664237, upload-time = "2026-05-29T05:19:57.031Z" },
    { url = "https://files.pythonhosted.org/packages/a1/92/0fad513d95376611b337c631abd0263e641b78b0adbe80f3cf561e614d6e/jh2-5.0.13-cp314-cp314t-musllinux_1_1_i686.whl", hash = "sha256:0ee6a5dd24a1dc0772a89b3498ed20f60167fbc633404b1e02895f04ae66c47c", size = 625249, upload-time = "2026-05-29T05:19:58.447Z" },
    { url = "https://files.pythonhosted.org/packages/79/28/4f70df7bfaf1cdb560340400b46849cfa96e4b08d2430793501013d7ee8a/jh2-5.0.13-cp314-cp314t-musllinux_1_1_x86_64.whl", hash = "sha256:521f871864880cabe361060f070516a56a54abc3e96f07bee9ba8b061eada891", size = 591017, upload-time = "2026-05-29T05:19:59.839Z" },
    { url = "https://files.pythonhosted.org/packages/dd/58/ed891762aa68542fa7969c4cbb109817231740f342931165f60ea7a2a923/jh2-5.0.13-cp314-cp314t-win32.whl", hash = "sha256:5909e2273f8b6fcea93c95564aa0f366ff9261a544a7a5d640ea95341321cc37", size = 238041, upload-time = "2026-05-29T05:20:01.228Z" },
    { url = "https://files.pythonhosted.org/packages/48/13/46ae2bf16baad7841526dba44668083f9de3e427027e4fa44a567cb778d6/jh2-5.0.13-cp314-cp314t-win_amd64.whl", hash = "sha256:2cc4923ac6f57753e0cb4aef054a04f5d5c744b274dabf863f695fa3c2fd75f9", size = 245861, upload-time = "2026-05-29T05:20:02.757Z" },
    { url = "https://files.pythonhosted.org/packages/79/49/3652903fc82c0e5c82e9caa3445e3e514b168969c2dae3da15c46627661f/jh2-5.0.13-cp314-cp314t-win_arm64.whl", hash = "sha256:d3cf203de31371289d4c1e6b4d30c9f6de95b2bd2b300fe5468ff946299d0e48", size = 242699, upload-time = "2026-05-29T05:20:03.9Z" },
    { url = "https://files.pythonhosted.org/packages/75/f3/8c151f371f7962902e6f1f494b50abc1b8be27305a9d12cb88cf049c5a80/jh2-5.0.13-cp37-abi3-macosx_10_12_x86_64.macosx_11_0_arm64.macosx_10_12_universal2.whl", hash = "sha256:3f54095cde010ff4e52f23dda92b31d3d3160c64f5f23fc6e181f8c7938afd33", size = 618581, upload-time = "2026-05-29T05:20:05.043Z" },
    { url = "https://files.pythonhosted.org/packages/71/3f/a2d5458586c024e0076ae8182dcbb71450bd9d4dd65ffdaa659313461bd4/jh2-5.0.13-cp37-abi3-manylinux_2_17_aarch64.manylinux2014_aarch64.whl", hash = "sha256:f810dd02b4a9647eacbe4eab617111c0e3ffc68e923e3ff172948db601d2ba1e", size = 392776, upload-time = "2026-05-29T05:20:06.178Z" },
    { url = "https://files.pythonhosted.org/packages/7e/1f/cf205104cfcef4bd26aa2b736f36ddf3739b69ddaf14d23a5f7697673d74/jh2-5.0.13-cp37-abi3-manylinux_2_17_armv7l.manylinux2014_armv7l.whl", hash = "sha256:29c23f3937f257beb5cd5b17f8727404f1267ff25d26e54c0a35d5defd0c895e", size = 397943, upload-time = "2026-05-29T05:20:07.479Z" },
    { url = "https://files.pythonhosted.org/packages/cf/82/bd218132e5a081293cf3d7de5cf41d871f3f88808c23f6c6aebbe073fb5e/jh2-5.0.13-cp37-abi3-manylinux_2_17_ppc64.manylinux2014_ppc64.whl", hash = "sha256:c697b250a935030a128b45b41f507a4d33a082d8b8e12311c7e73fbb3970f057", size = 520351, upload-time = "2026-05-29T05:20:08.936Z" },
    { url = "https://files.pythonhosted.org/packages/67/7c/78b564899237909ddf4103569be59ea31b6c00f8b4f1c178cc57c6e4e45d/jh2-5.0.13-cp37-abi3-manylinux_2_17_ppc64le.manylinux2014_ppc64le.whl", hash = "sha256:47d3203ed6fec39df4922764817979fad3a13d22cf750adc9cf9dc2b3399eacf", size = 511162, upload-time = "2026-05-29T05:20:10.239Z" },
    { url = "https://files.pythonhosted.org/packages/db/3a/b59157363139436cb60620353aa8b687197c9a4ec1eb87952004a8843e6e/jh2-5.0.13-cp37-abi3-manylinux_2_17_s390x.manylinux2014_s390x.whl", hash = "sha256:a5146468a76bbe8f4035f23a78813c5c433c70c0ca44eb0ba5558627a9e644b8", size = 411838, upload-time = "2026-05-29T05:20:11.515Z" },
    { url = "https://files.pythonhosted.org/packages/15/a4/18b35000b00d9fb72003e0eacf66b3af828a0bb897c21a287a33d2025138/jh2-5.0.13-cp37-abi3-manylinux_2_17_x86_64.manylinux2014_x86_64.whl", hash = "sha256:85d3d338284fbfbe173243c3cc62e510c6fa0d6d023e67da2292bd7578c734e3", size = 395975, upload-time = "2026-05-29T05:20:13.157Z" },
    { url = "https://files.pythonhosted.org/packages/ab/42/f017b6b7b666e6ef615f7c64fd748201d0b20edeed094182c4f37f23a6e8/jh2-5.0.13-cp37-abi3-manylinux_2_5_i686.manylinux1_i686.whl", hash = "sha256:641f65f5414b8990251bd7609513a696831558f69d2ca77d65dc3f7087f31267", size = 417493, upload-time = "2026-05-29T05:20:14.394Z" },
    { url = "https://files.pythonhosted.org/packages/bb/fc/054443bd40a9827ade99508482185692530cf56a50d4ad8ed2aba761f11d/jh2-5.0.13-cp37-abi3-musllinux_1_1_aarch64.whl", hash = "sha256:cf3dc6f7c14340241260bf63e5d6006b2ee7db45dafcb39c16fdf164ea0240a0", size = 568373, upload-time = "2026-05-29T05:20:15.914Z" },
    { url = "https://files.pythonhosted.org/packages/47/48/dde093626bb976722c940053ceaa82407bd358e07fa6a1690590456d21b5/jh2-5.0.13-cp37-abi3-musllinux_1_1_armv7l.whl", hash = "sha256:fb8e37ecf37382c02af83da521df5a77561441bc4cbb93b00627e015b7bbf349", size = 673766, upload-time = "2026-05-29T05:20:17.136Z" },
    { url = "https://files.pythonhosted.org/packages/96/94/edae999301bb28738e17cf54ecd50b7d7d9fd96d9536376bbeb9b8498526/jh2-5.0.13-cp37-abi3-musllinux_1_1_i686.whl", hash = "sha256:296ee44dfad08ccc3857daf433dfa4a555d5b45f2df39503ccdd90ff10b32943", size = 635045, upload-time = "2026-05-29T05:20:18.633Z" },
    { url = "https://files.pythonhosted.org/packages/c3/5b/d9fd0fc71e43c37c30d581affbb7371fa8177ce211b663457939bbed9e61/jh2-5.0.13-cp37-abi3-musllinux_1_1_x86_64.whl", hash = "sha256:1a75eed545420a31ea356e8046b8d86fcf694234dd1035191734a03720fb8a44", size = 599870, upload-time = "2026-05-29T05:20:20.117Z" },
    { url = "https://files.pythonhosted.org/packages/b1/ec/66c17d8aec77d41c8f93145dd7faa7138b9f1bc370fa685008bf92d75f9f/jh2-5.0.13-cp37-abi3-win32.whl", hash = "sha256:4812710810010c428db04e9290a13117f7b7c5a3a663b46a0586fe101cf25c9d", size = 245231, upload-time = "2026-05-29T05:20:21.275Z" },
    { url = "https://files.pythonhosted.org/packages/5b/3c/107f16a84c8becef5281040fdb50681f06e4615bb4a754f211abe7d61a6f/jh2-5.0.13-cp37-abi3-win_amd64.whl", hash = "sha256:5d61bc0a62b4eee11039bf29d4bdbb26efcff760dfb9d8e0739740028aa52b0f", size = 252085, upload-time = "2026-05-29T05:20:22.426Z" },
    { url = "https://files.pythonhosted.org/packages/47/7b/e8baeef7655449a6c9abee0165fcb1c63d12ec5432b8d810ff5910184690/jh2-5.0.13-cp37-abi3-win_arm64.whl", hash = "sha256:3f74dad9036e599eed51576492b00955237b86cf886f96844708a81cd0f5c710", size = 249139, upload-time = "2026-05-29T05:20:23.558Z" },
    { url = "https://files.pythonhosted.org/packages/ba/1e/be44f6e9ff5689fcdf9a2c0ed30880fd5da303676d89d6457a603450b7b1/jh2-5.0.13-py3-none-any.whl", hash = "sha256:2b311414989da48a155721fe47d0dc3e3b75360efd62d779aaff72d786be91cf", size = 98909, upload-time = "2026-05-29T05:21:42.086Z" },
]

[[package]]
name = "niquests"
version = "3.20.1"
source = { registry = "https://pypi.org/simple" }
dependencies = [
    { name = "charset-normalizer" },
    { name = "urllib3-future" },
    { name = "wassima", marker = "sys_platform != 'emscripten'" },
]
sdist = { url = "https://files.pythonhosted.org/packages/f2/6f/c2310e0c0d09ef1c22d235ef82d2d5d16f6b04b3a3702ebe1bc8d1dfbd6c/niquests-3.20.1.tar.gz", hash = "sha256:55951812cf997963bfef8e4f797ff0460ca571e53ec184039b010e12152c0e41", size = 1039594, upload-time = "2026-07-09T06:18:39.488Z" }
wheels = [
    { url = "https://files.pythonhosted.org/packages/23/25/8c5412b047ab545ac59b59712a840e2d1ce91759aec1afdf47b85c12c748/niquests-3.20.1-py3-none-any.whl", hash = "sha256:71062880739c94d67aead1f8b7972baad3236b97a55a490493729789d1639fc4", size = 213889, upload-time = "2026-07-09T06:18:37.969Z" },
]

[[package]]
name = "orjson"
version = "3.11.9"
source = { registry = "https://pypi.org/simple" }
sdist = { url = "https://files.pythonhosted.org/packages/7e/0c/964746fcafbd16f8ff53219ad9f6b412b34f345c75f384ad434ceaadb538/orjson-3.11.9.tar.gz", hash = "sha256:4fef17e1f8722c11587a6ef18e35902450221da0028e65dbaaa543619e68e48f", size = 5599163, upload-time = "2026-05-06T15:11:08.309Z" }
wheels = [
    { url = "https://files.pythonhosted.org/packages/8e/eb/5da01e356015aee6ecfa1187ced87aef51364e306f5e695dd52719bf0e78/orjson-3.11.9-cp314-cp314-macosx_10_15_x86_64.macosx_11_0_arm64.macosx_10_15_universal2.whl", hash = "sha256:b6ef1979adc4bc243523f1a2ba91418030a8e29b0a99cbe7e0e2d6807d4dce6e", size = 228465, upload-time = "2026-05-06T15:10:44.097Z" },
    { url = "https://files.pythonhosted.org/packages/64/62/3e0e0c14c957133bcd855395c62b55ed4e3b0af23ffea11b032cb1dcbdb1/orjson-3.11.9-cp314-cp314-macosx_15_0_arm64.whl", hash = "sha256:f36b7f32c7c0db4a719f1fc5824db4a9c6f8bd1a354debb91faf26ebf3a4c71e", size = 128364, upload-time = "2026-05-06T15:10:45.839Z" },
    { url = "https://files.pythonhosted.org/packages/5a/5a/07d8aa117211a8ed7630bda80c8c0b14d04e0f8dcf99bcf49656e4a710eb/orjson-3.11.9-cp314-cp314-manylinux_2_17_aarch64.manylinux2014_aarch64.whl", hash = "sha256:08f4d8ebb44925c794e535b2bebc507cebf32209df81de22ae285fb0d8d66de0", size = 132063, upload-time = "2026-05-06T15:10:47.267Z" },
    { url = "https://files.pythonhosted.org/packages/d6/ec/4acaf21483e18aa945be74a474c74b434f284b549f275a0a39b9f98956e9/orjson-3.11.9-cp314-cp314-manylinux_2_17_armv7l.manylinux2014_armv7l.whl", hash = "sha256:6cc7923789694fd58f001cbcac7e47abc13af4d560ebbfcf3b41a8b1a0748124", size = 122356, upload-time = "2026-05-06T15:10:48.765Z" },
    { url = "https://files.pythonhosted.org/packages/13/d8/5f0555e7638801323b7a75850f92e7dfa891bc84fe27a1ba4449170d1200/orjson-3.11.9-cp314-cp314-manylinux_2_17_i686.manylinux2014_i686.whl", hash = "sha256:ea5c46eb2d3af39e806b986f4b09d5c2706a1f5afde3cbf7544ce6616127173c", size = 129592, upload-time = "2026-05-06T15:10:50.13Z" },
    { url = "https://files.pythonhosted.org/packages/b6/30/ed9860412a3603ceb3c5955bfd72d28b9d0e7ba6ed81add14f83d7114236/orjson-3.11.9-cp314-cp314-manylinux_2_17_ppc64le.manylinux2014_ppc64le.whl", hash = "sha256:f5d89a2ed90731df3be64bab0aa44f78bff39fdc9d71c291f4a8023aa46425b7", size = 140491, upload-time = "2026-05-06T15:10:51.582Z" },
    { url = "https://files.pythonhosted.org/packages/d0/17/adc514dea7ac7c505527febf884934b815d34f0c7b8693c1a8b39c5c4a57/orjson-3.11.9-cp314-cp314-manylinux_2_17_s390x.manylinux2014_s390x.whl", hash = "sha256:25e4aed0312d292c09f61af25bba34e0b2c88546041472b09088c39a4d828af1", size = 127309, upload-time = "2026-05-06T15:10:53.329Z" },
    { url = "https://files.pythonhosted.org/packages/76/3e/c0b690253f0b82d86e99949af13533363acfb5432ecb5d53dd5b3bce9c34/orjson-3.11.9-cp314-cp314-manylinux_2_17_x86_64.manylinux2014_x86_64.whl", hash = "sha256:aaea64f3f467d22e70eeed68bdccb3bc4f83f650446c4a03c59f2cba28a108db", size = 134030, upload-time = "2026-05-06T15:10:54.988Z" },
    { url = "https://files.pythonhosted.org/packages/c1/7a/bc82a0bb25e9faaf92dc4d9ef002732efc09737706af83e346788641d4a7/orjson-3.11.9-cp314-cp314-musllinux_1_2_aarch64.whl", hash = "sha256:a028425d1b440c5d92a6be1e1a020739dfe67ea87d96c6dbe828c1b30041728b", size = 141482, upload-time = "2026-05-06T15:10:56.663Z" },
    { url = "https://files.pythonhosted.org/packages/01/55/e69188b939f77d5d32a9833745ace31ea5ccae3ab613a1ec185d3cd2c4fb/orjson-3.11.9-cp314-cp314-musllinux_1_2_armv7l.whl", hash = "sha256:5b192c6cf397e4455b11523c5cf2b18ed084c1bbd61b6c0926344d2129481972", size = 415178, upload-time = "2026-05-06T15:10:58.446Z" },
    { url = "https://files.pythonhosted.org/packages/2e/1a/b8a5a7ac527e80b9cb11d51e3f6689b709279183264b9ec5c7bc680bb8b5/orjson-3.11.9-cp314-cp314-musllinux_1_2_i686.whl", hash = "sha256:ea407d4ccf5891d667d045fecae97a7a1e5e87b3b97f97ae1803c2e741130be0", size = 148089, upload-time = "2026-05-06T15:11:00.441Z" },
    { url = "https://files.pythonhosted.org/packages/97/4e/00503f64204bf859b37213a63927028f30fb6268cd8677fb0a5ad48155e1/orjson-3.11.9-cp314-cp314-musllinux_1_2_x86_64.whl", hash = "sha256:5f63aaf97afd9f6dec5b1a68e1b8da12bfccb4cb9a9a65c3e0b6c847849e7586", size = 136921, upload-time = "2026-05-06T15:11:02.176Z" },
    { url = "https://files.pythonhosted.org/packages/0d/ba/a23b82a0a8d0ed7bed4e5f5035aae751cad4ff6a1e8d2ecd14d8860f5929/orjson-3.11.9-cp314-cp314-win32.whl", hash = "sha256:e30ab17845bb9fa54ccf67fa4f9f5282652d54faa6d17452f47d0f369d038673", size = 131638, upload-time = "2026-05-06T15:11:03.696Z" },
    { url = "https://files.pythonhosted.org/packages/f3/c3/0c6798456bade745c75c452342dabacce5798196483e77e643be1f53877d/orjson-3.11.9-cp314-cp314-win_amd64.whl", hash = "sha256:32ef5f4283a3be81913947d19608eacb7c6608026851123790cd9cc8982af34b", size = 127078, upload-time = "2026-05-06T15:11:05.123Z" },
    { url = "https://files.pythonhosted.org/packages/16/21/5a3f1e8913103b703a436a5664238e5b965ec392b555fe68943ea3691e6b/orjson-3.11.9-cp314-cp314-win_arm64.whl", hash = "sha256:eebdbdeef0094e4f5aefa20dcd4eb2368ab5e7a3b4edea27f1e7b2892e009cf9", size = 126687, upload-time = "2026-05-06T15:11:06.602Z" },
]

[[package]]
name = "poly-data-storage"
version = "1.0.0"
source = { editable = "." }
dependencies = [
    { name = "niquests" },
    { name = "orjson" },
    { name = "pyarrow" },
]

[package.metadata]
requires-dist = [
    { name = "niquests", specifier = ">=3.20.1" },
    { name = "orjson", specifier = ">=3.11.9" },
    { name = "pyarrow", specifier = ">=25.0.0" },
]

[[package]]
name = "pyarrow"
version = "25.0.0"
source = { registry = "https://pypi.org/simple" }
sdist = { url = "https://files.pythonhosted.org/packages/27/f3/95428098d1fa7d04432fb750eed06b41304c2f6a5d3319985e64db2d9d41/pyarrow-25.0.0.tar.gz", hash = "sha256:d2d697008b5ec06d75952ef260c2e9a8a0f6ccfce24266c04c9c8ade927cb3b4", size = 1199181, upload-time = "2026-07-10T08:29:50.116Z" }
wheels = [
    { url = "https://files.pythonhosted.org/packages/55/c7/581ccbcdb3d897eb2893328d68db3d52eca373bf2a7e964d0a6276b8e85b/pyarrow-25.0.0-cp314-cp314-macosx_12_0_arm64.whl", hash = "sha256:72132b9a8a0a1840197794d4dea26080069b6b0981c116bc078762dc9691b21b", size = 35878945, upload-time = "2026-07-10T08:28:18.222Z" },
    { url = "https://files.pythonhosted.org/packages/64/d1/ccb01db7329ea0411ef4fbd9b62a04d3268b36777d4e758d5e39b91ddeab/pyarrow-25.0.0-cp314-cp314-macosx_12_0_x86_64.whl", hash = "sha256:e009ef945e498dca2f050ea10d2e9764cb44017254826fc4574fdb8d2530173b", size = 37630854, upload-time = "2026-07-10T08:28:23.452Z" },
    { url = "https://files.pythonhosted.org/packages/af/9f/2d81ba89d1e4198d0cb25fe7529de936830fdaec0db926bb52a1ef7080d4/pyarrow-25.0.0-cp314-cp314-manylinux_2_28_aarch64.whl", hash = "sha256:f57a39dbcb416345401c2e77a4373669b45fd111a1768e6cf267a7a0607ff0ec", size = 46905617, upload-time = "2026-07-10T08:28:29.376Z" },
    { url = "https://files.pythonhosted.org/packages/6a/29/0ed312ec800fb536f93783215126cee4b8977dcfeccba6f0f44df0cc87d7/pyarrow-25.0.0-cp314-cp314-manylinux_2_28_x86_64.whl", hash = "sha256:447df764beb07c544f0178a5f6b70ef44b9ecf382b3cdfad4c2d7867353c3887", size = 50119765, upload-time = "2026-07-10T08:28:35.826Z" },
    { url = "https://files.pythonhosted.org/packages/ca/88/cab5063ba0c4d46a9f6b4b7eb1c9029dc0302d65cd5ab3510c949a386568/pyarrow-25.0.0-cp314-cp314-musllinux_1_2_aarch64.whl", hash = "sha256:ac5dfeee59f9ceb4d45ba76e83b026c38c24334135bb329d8274baa49cec3c62", size = 50027563, upload-time = "2026-07-10T08:28:43.848Z" },
    { url = "https://files.pythonhosted.org/packages/7b/fb/4d24f1b7fe2e042dc4ef315ef75e4e702d8e46fe10c37e63caff00502b03/pyarrow-25.0.0-cp314-cp314-musllinux_1_2_x86_64.whl", hash = "sha256:f0f100dacf2c0f400601664a79d1a907ced4740514bb2b00917341038e2ce76f", size = 53162437, upload-time = "2026-07-10T08:28:52.819Z" },
    { url = "https://files.pythonhosted.org/packages/fa/65/da20806de93ca6ee91e72cb6a9b08b3ac890b46efc8d94a7326c651c4c81/pyarrow-25.0.0-cp314-cp314-win_amd64.whl", hash = "sha256:2e093efbecb5317372f819228fa4b4e6157eee48d3f0a7b0303705ebf81a7104", size = 28613262, upload-time = "2026-07-10T08:29:47.544Z" },
    { url = "https://files.pythonhosted.org/packages/86/9f/c632afb1d3ef4a7814cee236718235f3a47eac46e97eb87df40f550b6b48/pyarrow-25.0.0-cp314-cp314t-macosx_12_0_arm64.whl", hash = "sha256:26be35b80780d2d21f4bae3d568b1666337c3a89722cc1794c956a77017cb24e", size = 36120702, upload-time = "2026-07-10T08:28:59.577Z" },
    { url = "https://files.pythonhosted.org/packages/36/0a/093d53a0e72ad06e45d6443e00651bbc2d21af4211295086cbf4d873d3b9/pyarrow-25.0.0-cp314-cp314t-macosx_12_0_x86_64.whl", hash = "sha256:6f4812bfbf11ca7d8faf59eb8fff8bf4dd25ce3a38b62baa010cc17a0926d1b2", size = 37750674, upload-time = "2026-07-10T08:29:06.916Z" },
    { url = "https://files.pythonhosted.org/packages/8a/18/b37fc31a69cff4bdfb8842683def5612f551b93fff6f44375e4a4a6a5535/pyarrow-25.0.0-cp314-cp314t-manylinux_2_28_aarch64.whl", hash = "sha256:b8af8ceedf0c9c160fd2b63440f2d205b9404db85866c1217bfea601de7cfb50", size = 46912304, upload-time = "2026-07-10T08:29:14.656Z" },
    { url = "https://files.pythonhosted.org/packages/32/35/5cae19ba72493e5598022468b56f6a5571f399f485bf412f157356476caa/pyarrow-25.0.0-cp314-cp314t-manylinux_2_28_x86_64.whl", hash = "sha256:c70a5fd9a82bd1a702fd482bdc62d38dcb672fb2b449b1d7c0d7d1f4be7b7bfe", size = 50073652, upload-time = "2026-07-10T08:29:22.467Z" },
    { url = "https://files.pythonhosted.org/packages/2e/a5/ddd508424bdfd5e6945765e9e2ffc687e2f6115972badc8ecf423076c407/pyarrow-25.0.0-cp314-cp314t-musllinux_1_2_aarch64.whl", hash = "sha256:0490a7f8b38ffe11cc26526b50c65d111cb54ddac3717cec781806793f1244dc", size = 50058654, upload-time = "2026-07-10T08:29:29.689Z" },
    { url = "https://files.pythonhosted.org/packages/5f/a4/324d0db203ff5eebe8694ec2d6ec5a23f9aaa5d02e5b8c692914c518c33c/pyarrow-25.0.0-cp314-cp314t-musllinux_1_2_x86_64.whl", hash = "sha256:e83916bbcf380866b4e14255850b33323ff678dc9758411d0409cdd2523880b0", size = 53140153, upload-time = "2026-07-10T08:29:36.041Z" },
    { url = "https://files.pythonhosted.org/packages/bd/8d/d236e9c82fe315f9128885c8be3ec719f41965a1eb6b6f4b42470904cd41/pyarrow-25.0.0-cp314-cp314t-win_amd64.whl", hash = "sha256:13240f0d3dc5932ccd0bfa90cd76d835680b9d94a7661c635df4b703d40ce849", size = 28743657, upload-time = "2026-07-10T08:29:42.742Z" },
]

[[package]]
name = "qh3"
version = "1.9.3"
source = { registry = "https://pypi.org/simple" }
sdist = { url = "https://files.pythonhosted.org/packages/b3/56/e351e5e85242b3d8db4bb5fe9d2e0487ecce50444c1870a0e6b02cc3fe51/qh3-1.9.3.tar.gz", hash = "sha256:c4e958d0a93a66c4bebc2f75126d4060e9ab93addb9814cb367a1f23a395a7a3", size = 344707, upload-time = "2026-07-08T06:48:26.325Z" }
wheels = [
    { url = "https://files.pythonhosted.org/packages/ef/b8/8a81019cd592b4fa33c9d37430ec758e910224204dbc971d55042f5cd21a/qh3-1.9.3-cp314-cp314t-macosx_10_12_x86_64.macosx_11_0_arm64.macosx_10_12_universal2.whl", hash = "sha256:6d82134de2a5771ce91754a7a735feb6d29b02892cf0f27764e364add7ba7cbb", size = 4357106, upload-time = "2026-07-08T06:45:20.045Z" },
    { url = "https://files.pythonhosted.org/packages/65/2b/2f64bacfb68ee41cb4e9f1462fbc3a8cf141d4deb63767c036267935629e/qh3-1.9.3-cp314-cp314t-manylinux_2_17_aarch64.manylinux2014_aarch64.whl", hash = "sha256:0baf4d271c55c980ea7ccc20e8270093f2d7e4a9e4f8741b25e31f13d2c4e91e", size = 2163136, upload-time = "2026-07-08T06:45:21.892Z" },
    { url = "https://files.pythonhosted.org/packages/31/61/2fc4b3cba60f84f0bf0b69f445a5f9f4be50931fb9bce466dcb25fe84b52/qh3-1.9.3-cp314-cp314t-manylinux_2_17_armv7l.manylinux2014_armv7l.whl", hash = "sha256:a1b16ba15e67825425d5911812d32f6fd877c2a43c374d611ac4980f32915163", size = 1857929, upload-time = "2026-07-08T06:45:23.67Z" },
    { url = "https://files.pythonhosted.org/packages/b9/7a/fdf783bb1f23c4d688a9921df746e28076f70b3385f950bccb2fd41358bd/qh3-1.9.3-cp314-cp314t-manylinux_2_17_i686.manylinux2014_i686.whl", hash = "sha256:9896c2a4d5a8a33ce3e7aea8d30afbf8060c339f0bb8586a4244f58b271e54f5", size = 2031980, upload-time = "2026-07-08T06:45:25.615Z" },
    { url = "https://files.pythonhosted.org/packages/09/d6/e7134ba767424824c246830ef5e9939c8fca23cdda7a5741e5074b3717f5/qh3-1.9.3-cp314-cp314t-manylinux_2_17_ppc64.manylinux2014_ppc64.whl", hash = "sha256:6e652434896d957f9bd2b16c4d2d0d9375f48955420fdb923a6bc8ce8e5f1dc2", size = 2030009, upload-time = "2026-07-08T06:45:27.404Z" },
    { url = "https://files.pythonhosted.org/packages/b4/78/59d2dfeb2a75c23da8fb653ec003a57585c3bde800d3d9d6ef2aaf634333/qh3-1.9.3-cp314-cp314t-manylinux_2_17_ppc64le.manylinux2014_ppc64le.whl", hash = "sha256:a662710f2acfc1ee8f48650137e3cdaf586ba4022aaebd4f02f6792dbb70ea1d", size = 2028608, upload-time = "2026-07-08T06:45:29.153Z" },
    { url = "https://files.pythonhosted.org/packages/3d/bc/8e9cbff13f7422d169fb2ca14cb361513394051d000b8289543b5a279f7b/qh3-1.9.3-cp314-cp314t-manylinux_2_17_s390x.manylinux2014_s390x.whl", hash = "sha256:74d60ea5e9cb6d9410a103a1200c8c390c6885adbfae3004d7c71b4f0a84f56e", size = 2083455, upload-time = "2026-07-08T06:45:31.028Z" },
    { url = "https://files.pythonhosted.org/packages/fe/69/3a33db1c1f87361cb43fc314cad6027a4429b178821f532f854e5b94b6c3/qh3-1.9.3-cp314-cp314t-manylinux_2_17_x86_64.manylinux2014_x86_64.whl", hash = "sha256:9b6151fd1041f3427a29f6063814d31a2d0f6cdf35b3293686df750117ebe790", size = 2363968, upload-time = "2026-07-08T06:45:32.837Z" },
    { url = "https://files.pythonhosted.org/packages/33/ea/6d174e114a28385ab35d5b8644e6c92adb4959da9b85544ce061e53f8e95/qh3-1.9.3-cp314-cp314t-manylinux_2_39_riscv64.whl", hash = "sha256:3043b4eb7ece93cebbbd905673462d8de831ea6b4d3ca7d2e02bf5ceaccd9cdd", size = 2013065, upload-time = "2026-07-08T06:45:34.672Z" },
    { url = "https://files.pythonhosted.org/packages/4e/7b/4f6f8147c2906630fd8deb3b158318f67a5c7cf61ef1d135882b370715fa/qh3-1.9.3-cp314-cp314t-musllinux_1_1_aarch64.whl", hash = "sha256:d6e379322363285bf459749bc13e43a3050426a2c3f76ea3e9374cc373ed0bc6", size = 2352174, upload-time = "2026-07-08T06:45:36.269Z" },
    { url = "https://files.pythonhosted.org/packages/04/b2/c13e6757ebd436dc31540700054406c2c091cd9a0f71665a257abb93f3ba/qh3-1.9.3-cp314-cp314t-musllinux_1_1_armv7l.whl", hash = "sha256:2a3b347e37f9b8f624f881d51b7a88c7190c1feafaed2ccb8fb5f9fe3ae87ab3", size = 2129379, upload-time = "2026-07-08T06:45:37.817Z" },
    { url = "https://files.pythonhosted.org/packages/bc/23/680a5f777ceddbb9cc72b6f780738a416505608c580120cdbfa9212b3212/qh3-1.9.3-cp314-cp314t-musllinux_1_1_i686.whl", hash = "sha256:f2d2ca26dde0b6f8ea3a13b1bb73e64d405f6248e459a799cd21df04dd235ed1", size = 2229256, upload-time = "2026-07-08T06:45:39.764Z" },
    { url = "https://files.pythonhosted.org/packages/3d/7e/a40336759ea057185c43d992790bd04181face7b474c1e48c132f6ba5f64/qh3-1.9.3-cp314-cp314t-musllinux_1_1_riscv64.whl", hash = "sha256:75f2ad4bd4e1c864ee0ab8eabc1357578b2641693af83d474808a60d502794ea", size = 2120668, upload-time = "2026-07-08T06:45:41.572Z" },
    { url = "https://files.pythonhosted.org/packages/22/14/d2efd5bf4d69535f782675dc65bbd934920d5260247e9c0cd49270c65d09/qh3-1.9.3-cp314-cp314t-musllinux_1_1_x86_64.whl", hash = "sha256:fbfb3068bf89fd1aa936e8f2eceb557c3dff1dcd29ffb3c6a51941a4c784ebcd", size = 2586836, upload-time = "2026-07-08T06:45:43.226Z" },
    { url = "https://files.pythonhosted.org/packages/40/7a/193a998082f184576d076f6d0bad60861f4d50d7759d7f8c8abe1b8be4c8/qh3-1.9.3-cp314-cp314t-win32.whl", hash = "sha256:912de0904dad032eaf80cd5c35f2ce4c4414884e153d619c0f85b9c138ce6dd7", size = 1854194, upload-time = "2026-07-08T06:45:44.913Z" },
    { url = "https://files.pythonhosted.org/packages/8b/dd/1883e376065a09487d323c1de7146c1089056b9189a5300c55affe626f3d/qh3-1.9.3-cp314-cp314t-win_amd64.whl", hash = "sha256:5b05e3032640579c866f31335112978eec850afd29e0405f28d359f3a3525200", size = 2120029, upload-time = "2026-07-08T06:45:46.646Z" },
    { url = "https://files.pythonhosted.org/packages/a9/ca/3463d17a4fc64c5a60aeeb99bd6388acb9d44d8ef98f2bda329c9690c842/qh3-1.9.3-cp314-cp314t-win_arm64.whl", hash = "sha256:cf886c4f39d30dcb11ffa4ca6797638d4ee9d28cf2ebf7996a0abc749a6838f5", size = 1967768, upload-time = "2026-07-08T06:45:48.586Z" },
    { url = "https://files.pythonhosted.org/packages/2f/69/b0f4f0ee4b4fef3f0ad80b2f348d74e75b478fe7d1537aa8361af59116c6/qh3-1.9.3-cp37-abi3-macosx_10_12_x86_64.macosx_11_0_arm64.macosx_10_12_universal2.whl", hash = "sha256:982a6437a670fba0d4de5ce0568765e1c5ecff602d4ada3d549ec82a16cba176", size = 4374650, upload-time = "2026-07-08T06:45:50.74Z" },
    { url = "https://files.pythonhosted.org/packages/ec/17/662048426269f5dedf87078932f766935fc41fed9cf391331b84011cc76c/qh3-1.9.3-cp37-abi3-manylinux_2_17_aarch64.manylinux2014_aarch64.whl", hash = "sha256:67fa718120fdbb2319e733798030f6c277e04ca53aa9fa696e7ef09e691b9205", size = 2168771, upload-time = "2026-07-08T06:45:52.562Z" },
    { url = "https://files.pythonhosted.org/packages/6e/49/0a7b3b655cf1f18827ef9b1bd063d0d8b79a84499b1816829f658a1a25bb/qh3-1.9.3-cp37-abi3-manylinux_2_17_armv7l.manylinux2014_armv7l.whl", hash = "sha256:0f26e4f305bdf2d994e09b72ceabf41ead962857b7cd7fe601e8e3be0e621e99", size = 1860707, upload-time = "2026-07-08T06:45:54.363Z" },
    { url = "https://files.pythonhosted.org/packages/28/b0/410d20392e99e6f7638c7f9718edc7b1f4cc54b4b89e00fdcb86106cccc9/qh3-1.9.3-cp37-abi3-manylinux_2_17_i686.manylinux2014_i686.whl", hash = "sha256:b7f2805b530eee3e8702469186cb1c0d43085e5b03295602aabbccbb03cb56b9", size = 2037331, upload-time = "2026-07-08T06:45:56.2Z" },
    { url = "https://files.pythonhosted.org/packages/0b/25/f494b7fd92c9fccc1d984bbdcf4e23f2a2608991e80556f2491ebea382ec/qh3-1.9.3-cp37-abi3-manylinux_2_17_ppc64.manylinux2014_ppc64.whl", hash = "sha256:2a6e1a05f38be8dc914466f4b2bacf0988725b1353bba0e65b34b4a5f25a1888", size = 2036816, upload-time = "2026-07-08T06:45:58.605Z" },
    { url = "https://files.pythonhosted.org/packages/72/74/f10ed1841d31e14ea474aec7950465d7f1b4c933731c05d34768e6035710/qh3-1.9.3-cp37-abi3-manylinux_2_17_ppc64le.manylinux2014_ppc64le.whl", hash = "sha256:16e40de89dad0cf0175b03ed0e258862c7ed49ea38f1d608c6bc2fb6597879c2", size = 2036892, upload-time = "2026-07-08T06:46:00.382Z" },
    { url = "https://files.pythonhosted.org/packages/c6/3a/fdaddd6803ada1d8c64729c709de5c653a2a099e003a03e7380ab241d6d6/qh3-1.9.3-cp37-abi3-manylinux_2_17_s390x.manylinux2014_s390x.whl", hash = "sha256:c97708330b7e16fcac33167feb2a6368c9fac41d937b67f53a36e544c13a0bac", size = 2086485, upload-time = "2026-07-08T06:46:02.707Z" },
    { url = "https://files.pythonhosted.org/packages/57/d2/b944c33428622f3ad6cf222b2a8948c693e8b262c5c5700742e09f743bcb/qh3-1.9.3-cp37-abi3-manylinux_2_17_x86_64.manylinux2014_x86_64.whl", hash = "sha256:b0f8d18b683cbd1f96f375693fa03392ef2dbf6e79be3666aae6f36402f6072c", size = 2368322, upload-time = "2026-07-08T06:46:05.027Z" },
    { url = "https://files.pythonhosted.org/packages/b1/aa/61f31fd8be1e922882aeb9088fadc43f8fde69878d8991d7fe0e6203b59d/qh3-1.9.3-cp37-abi3-manylinux_2_39_riscv64.whl", hash = "sha256:9890c7c35da33e972f23c01801d5b1336ac745bf7d66dc094e20091307644b20", size = 2016075, upload-time = "2026-07-08T06:46:06.594Z" },
    { url = "https://files.pythonhosted.org/packages/14/e3/80bdeeb24770a5766c0032750f26c1479511c4c4eecef2181737a9aba233/qh3-1.9.3-cp37-abi3-musllinux_1_1_aarch64.whl", hash = "sha256:35818b5172748cb031a125154c450bbc65d4599ba33186b341ef62c99fb9c8d5", size = 2356576, upload-time = "2026-07-08T06:46:08.391Z" },
    { url = "https://files.pythonhosted.org/packages/28/fb/dfd30dc723e6ec07a79f3d65913f80efa73f8a232d0fadfa198f7fa81804/qh3-1.9.3-cp37-abi3-musllinux_1_1_armv7l.whl", hash = "sha256:32659b667cb52eda837b6f094af294dbfd262c9fc6a986e76eea4d7e68595224", size = 2131769, upload-time = "2026-07-08T06:46:10.185Z" },
    { url = "https://files.pythonhosted.org/packages/9b/e7/846ba1f960ecb1a6c88c8888a07a2a22ddfd6516d82882f8d44d9f54de48/qh3-1.9.3-cp37-abi3-musllinux_1_1_i686.whl", hash = "sha256:69b708784a73239db3c248f92b7c4cb06253e667a02f278af9aa8c6daf7fd7f9", size = 2233604, upload-time = "2026-07-08T06:46:11.944Z" },
    { url = "https://files.pythonhosted.org/packages/0f/30/35070d36d64469aee26d95f78782af3b38525fe4499b13b3dfe92bf8fff1/qh3-1.9.3-cp37-abi3-musllinux_1_1_riscv64.whl", hash = "sha256:676f443b7fbe14aaee31dae3bccea833c90b3c06558b473856816efa8bef8ebb", size = 2125972, upload-time = "2026-07-08T06:46:13.733Z" },
    { url = "https://files.pythonhosted.org/packages/06/4c/780906fabe96d23c93efbbe4652e9eb0820eb76af2160b291a4c40eb3cf0/qh3-1.9.3-cp37-abi3-musllinux_1_1_x86_64.whl", hash = "sha256:56a348d02c798f71fa4c616dabc3127bcf1d418fd0341cc9213bfd5cac41fd1f", size = 2590861, upload-time = "2026-07-08T06:46:15.677Z" },
    { url = "https://files.pythonhosted.org/packages/ef/c9/a8a90f3e372ee83a88064488af3735334fbcbf4c3939f9e365ba4d438160/qh3-1.9.3-cp37-abi3-win32.whl", hash = "sha256:2ba632b022c983f00aeef2bf8fb1340e1489621ce96d9bb08968d0452c489577", size = 1866705, upload-time = "2026-07-08T06:46:17.452Z" },
    { url = "https://files.pythonhosted.org/packages/d0/0d/b9fc87b886dea1696985817443eb3d2314ab1f8f25740abac922f5f346f6/qh3-1.9.3-cp37-abi3-win_amd64.whl", hash = "sha256:e9b9dd61ce08f030f405844672d2699022141e04e0aa95ab19d3a14df9fe1c2c", size = 2128238, upload-time = "2026-07-08T06:46:19.526Z" },
    { url = "https://files.pythonhosted.org/packages/8c/06/a94c52f5640f14b47b1e8a961c094156f073d743bbb422bc0cb744739f90/qh3-1.9.3-cp37-abi3-win_arm64.whl", hash = "sha256:b2da0ea8924a1e3ce4bb78286494422965dc39dbd548b34094ff539adc02cdbc", size = 1976500, upload-time = "2026-07-08T06:46:21.256Z" },
]

[[package]]
name = "urllib3-future"
version = "2.22.901"
source = { registry = "https://pypi.org/simple" }
dependencies = [
    { name = "h11" },
    { name = "jh2" },
    { name = "qh3", marker = "(platform_machine == 'AMD64' and platform_python_implementation == 'CPython' and sys_platform == 'darwin') or (platform_machine == 'ARM64' and platform_python_implementation == 'CPython' and sys_platform == 'darwin') or (platform_machine == 'aarch64' and platform_python_implementation == 'CPython' and sys_platform == 'darwin') or (platform_machine == 'arm64' and platform_python_implementation == 'CPython' and sys_platform == 'darwin') or (platform_machine == 'armv7l' and platform_python_implementation == 'CPython' and sys_platform == 'darwin') or (platform_machine == 'i686' and platform_python_implementation == 'CPython' and sys_platform == 'darwin') or (platform_machine == 'ppc64' and platform_python_implementation == 'CPython' and sys_platform == 'darwin') or (platform_machine == 'ppc64le' and platform_python_implementation == 'CPython' and sys_platform == 'darwin') or (platform_machine == 'riscv64' and platform_python_implementation == 'CPython' and sys_platform == 'darwin') or (platform_machine == 'riscv64gc' and platform_python_implementation == 'CPython' and sys_platform == 'darwin') or (platform_machine == 's390x' and platform_python_implementation == 'CPython' and sys_platform == 'darwin') or (platform_machine == 'x86' and platform_python_implementation == 'CPython' and sys_platform == 'darwin') or (platform_machine == 'x86_64' and platform_python_implementation == 'CPython' and sys_platform == 'darwin') or (platform_machine == 'AMD64' and platform_python_implementation == 'CPython' and sys_platform == 'linux') or (platform_machine == 'ARM64' and platform_python_implementation == 'CPython' and sys_platform == 'linux') or (platform_machine == 'aarch64' and platform_python_implementation == 'CPython' and sys_platform == 'linux') or (platform_machine == 'arm64' and platform_python_implementation == 'CPython' and sys_platform == 'linux') or (platform_machine == 'armv7l' and platform_python_implementation == 'CPython' and sys_platform == 'linux') or (platform_machine == 'i686' and platform_python_implementation == 'CPython' and sys_platform == 'linux') or (platform_machine == 'ppc64' and platform_python_implementation == 'CPython' and sys_platform == 'linux') or (platform_machine == 'ppc64le' and platform_python_implementation == 'CPython' and sys_platform == 'linux') or (platform_machine == 'riscv64' and platform_python_implementation == 'CPython' and sys_platform == 'linux') or (platform_machine == 'riscv64gc' and platform_python_implementation == 'CPython' and sys_platform == 'linux') or (platform_machine == 's390x' and platform_python_implementation == 'CPython' and sys_platform == 'linux') or (platform_machine == 'x86' and platform_python_implementation == 'CPython' and sys_platform == 'linux') or (platform_machine == 'x86_64' and platform_python_implementation == 'CPython' and sys_platform == 'linux') or (platform_machine == 'AMD64' and platform_python_implementation == 'CPython' and sys_platform == 'win32') or (platform_machine == 'ARM64' and platform_python_implementation == 'CPython' and sys_platform == 'win32') or (platform_machine == 'aarch64' and platform_python_implementation == 'CPython' and sys_platform == 'win32') or (platform_machine == 'arm64' and platform_python_implementation == 'CPython' and sys_platform == 'win32') or (platform_machine == 'armv7l' and platform_python_implementation == 'CPython' and sys_platform == 'win32') or (platform_machine == 'i686' and platform_python_implementation == 'CPython' and sys_platform == 'win32') or (platform_machine == 'ppc64' and platform_python_implementation == 'CPython' and sys_platform == 'win32') or (platform_machine == 'ppc64le' and platform_python_implementation == 'CPython' and sys_platform == 'win32') or (platform_machine == 'riscv64' and platform_python_implementation == 'CPython' and sys_platform == 'win32') or (platform_machine == 'riscv64gc' and platform_python_implementation == 'CPython' and sys_platform == 'win32') or (platform_machine == 's390x' and platform_python_implementation == 'CPython' and sys_platform == 'win32') or (platform_machine == 'x86' and platform_python_implementation == 'CPython' and sys_platform == 'win32') or (platform_machine == 'x86_64' and platform_python_implementation == 'CPython' and sys_platform == 'win32')" },
]
sdist = { url = "https://files.pythonhosted.org/packages/c4/81/10f2b68f02f3fcfcd476c8839bee0a8121f0f6740326233755869236e2b6/urllib3_future-2.22.901.tar.gz", hash = "sha256:fbece0ff51299a213c926897ffbed61d820ab5ef2ba81cece361c049fe2f51a9", size = 1306989, upload-time = "2026-07-09T06:35:05.466Z" }
wheels = [
    { url = "https://files.pythonhosted.org/packages/88/d4/f2c424cec0a6911f53d3a8ece6198c94c428fc805270b681a465f43f20f1/urllib3_future-2.22.901-py3-none-any.whl", hash = "sha256:dc2d4572ba612be69e3f6db87d1f469b7d08f107e80fd8749081d7e6a5a2fe10", size = 777228, upload-time = "2026-07-09T06:35:03.693Z" },
]

[[package]]
name = "wassima"
version = "2.1.2"
source = { registry = "https://pypi.org/simple" }
sdist = { url = "https://files.pythonhosted.org/packages/d1/9f/be43f3a97d27bd3bcdd572024ed082b55f486e0541834061da6acf9c77c7/wassima-2.1.2.tar.gz", hash = "sha256:f74b5441151728c54118ece6d747cfe92b2c595a3d062a1955f42a2bc894cd10", size = 139636, upload-time = "2026-07-07T14:01:57.921Z" }
wheels = [
    { url = "https://files.pythonhosted.org/packages/d7/94/5ccf60801c011725de5deaa4efc0db9a3719c56c77aac8716ce2def3d790/wassima-2.1.2-py3-none-any.whl", hash = "sha256:9a5779e8ade39960973c6cc17e095cc998d6345ab3dbdd1ec2d7fde8c356fb82", size = 130729, upload-time = "2026-07-07T14:01:56.343Z" },
]
